// !$*UTF8*$!
{
	archiveVersion = 1;
	classes = {
	};
	objectVersion = 55;
	objects = {

/* Begin PBXBuildFile section */
		56519D83274CCD1800ED16D8 /* InformationStyle.swift in Sources */ = {isa = PBXBuildFile; fileRef = 56519D82274CCD1800ED16D8 /* InformationStyle.swift */; };
		56519D92274D611F00ED16D8 /* PlayerView.swift in Sources */ = {isa = PBXBuildFile; fileRef = 56519D91274D611F00ED16D8 /* PlayerView.swift */; };
		56519D94274D623700ED16D8 /* PlayerNotFoundView.swift in Sources */ = {isa = PBXBuildFile; fileRef = 56519D93274D623700ED16D8 /* PlayerNotFoundView.swift */; };
		56519D96274D629600ED16D8 /* PlayerFormView.swift in Sources */ = {isa = PBXBuildFile; fileRef = 56519D95274D629600ED16D8 /* PlayerFormView.swift */; };
		56519D98274D64C900ED16D8 /* PlayerPresenceView.swift in Sources */ = {isa = PBXBuildFile; fileRef = 56519D97274D64C900ED16D8 /* PlayerPresenceView.swift */; };
		56519D9D274E1BF100ED16D8 /* PlayerRequest.swift in Sources */ = {isa = PBXBuildFile; fileRef = 56519D9C274E1BF100ED16D8 /* PlayerRequest.swift */; };
		56519D9F274E1C1A00ED16D8 /* PlayerPresenceRequest.swift in Sources */ = {isa = PBXBuildFile; fileRef = 56519D9E274E1C1A00ED16D8 /* PlayerPresenceRequest.swift */; };
		56519DB5274EAC7400ED16D8 /* Persistence.swift in Sources */ = {isa = PBXBuildFile; fileRef = 56519DB4274EAC7400ED16D8 /* Persistence.swift */; };
		56519DB7274EAFD700ED16D8 /* DatabaseButtons.swift in Sources */ = {isa = PBXBuildFile; fileRef = 56519DB6274EAFD700ED16D8 /* DatabaseButtons.swift */; };
		56519DB9274EC27500ED16D8 /* PlayerCountRequest.swift in Sources */ = {isa = PBXBuildFile; fileRef = 56519DB8274EC27500ED16D8 /* PlayerCountRequest.swift */; };
		56F8A189273802970011ACBE /* QueryDemoApp.swift in Sources */ = {isa = PBXBuildFile; fileRef = 56F8A188273802970011ACBE /* QueryDemoApp.swift */; };
		56F8A18B273802970011ACBE /* AppView.swift in Sources */ = {isa = PBXBuildFile; fileRef = 56F8A18A273802970011ACBE /* AppView.swift */; };
		56F8A18D273802980011ACBE /* Assets.xcassets in Resources */ = {isa = PBXBuildFile; fileRef = 56F8A18C273802980011ACBE /* Assets.xcassets */; };
		56F8A190273802980011ACBE /* Preview Assets.xcassets in Resources */ = {isa = PBXBuildFile; fileRef = 56F8A18F273802980011ACBE /* Preview Assets.xcassets */; };
		56F8A19A273802980011ACBE /* QueryDemoTests.swift in Sources */ = {isa = PBXBuildFile; fileRef = 56F8A199273802980011ACBE /* QueryDemoTests.swift */; };
		56F8A1A4273802980011ACBE /* QueryDemoUITests.swift in Sources */ = {isa = PBXBuildFile; fileRef = 56F8A1A3273802980011ACBE /* QueryDemoUITests.swift */; };
		56F8A1A6273802980011ACBE /* QueryDemoUITestsLaunchTests.swift in Sources */ = {isa = PBXBuildFile; fileRef = 56F8A1A5273802980011ACBE /* QueryDemoUITestsLaunchTests.swift */; };
		56F8A1BA273803BB0011ACBE /* GRDB in Frameworks */ = {isa = PBXBuildFile; productRef = 56F8A1B9273803BB0011ACBE /* GRDB */; };
		56F8A1BC273803BB0011ACBE /* Query in Frameworks */ = {isa = PBXBuildFile; productRef = 56F8A1BB273803BB0011ACBE /* Query */; };
		56F8A1BE273803E90011ACBE /* Player.swift in Sources */ = {isa = PBXBuildFile; fileRef = 56F8A1BD273803E90011ACBE /* Player.swift */; };
/* End PBXBuildFile section */

/* Begin PBXContainerItemProxy section */
		56F8A196273802980011ACBE /* PBXContainerItemProxy */ = {
			isa = PBXContainerItemProxy;
			containerPortal = 56F8A17D273802970011ACBE /* Project object */;
			proxyType = 1;
			remoteGlobalIDString = 56F8A184273802970011ACBE;
			remoteInfo = QueryDemo;
		};
		56F8A1A0273802980011ACBE /* PBXContainerItemProxy */ = {
			isa = PBXContainerItemProxy;
			containerPortal = 56F8A17D273802970011ACBE /* Project object */;
			proxyType = 1;
			remoteGlobalIDString = 56F8A184273802970011ACBE;
			remoteInfo = QueryDemo;
		};
/* End PBXContainerItemProxy section */

/* Begin PBXFileReference section */
		56519D82274CCD1800ED16D8 /* InformationStyle.swift */ = {isa = PBXFileReference; lastKnownFileType = sourcecode.swift; path = InformationStyle.swift; sourceTree = "<group>"; };
		56519D91274D611F00ED16D8 /* PlayerView.swift */ = {isa = PBXFileReference; lastKnownFileType = sourcecode.swift; path = PlayerView.swift; sourceTree = "<group>"; };
		56519D93274D623700ED16D8 /* PlayerNotFoundView.swift */ = {isa = PBXFileReference; lastKnownFileType = sourcecode.swift; path = PlayerNotFoundView.swift; sourceTree = "<group>"; };
		56519D95274D629600ED16D8 /* PlayerFormView.swift */ = {isa = PBXFileReference; lastKnownFileType = sourcecode.swift; path = PlayerFormView.swift; sourceTree = "<group>"; };
		56519D97274D64C900ED16D8 /* PlayerPresenceView.swift */ = {isa = PBXFileReference; fileEncoding = 4; lastKnownFileType = sourcecode.swift; path = PlayerPresenceView.swift; sourceTree = "<group>"; };
		56519D9C274E1BF100ED16D8 /* PlayerRequest.swift */ = {isa = PBXFileReference; lastKnownFileType = sourcecode.swift; path = PlayerRequest.swift; sourceTree = "<group>"; };
		56519D9E274E1C1A00ED16D8 /* PlayerPresenceRequest.swift */ = {isa = PBXFileReference; lastKnownFileType = sourcecode.swift; path = PlayerPresenceRequest.swift; sourceTree = "<group>"; };
		56519DB4274EAC7400ED16D8 /* Persistence.swift */ = {isa = PBXFileReference; lastKnownFileType = sourcecode.swift; path = Persistence.swift; sourceTree = "<group>"; };
		56519DB6274EAFD700ED16D8 /* DatabaseButtons.swift */ = {isa = PBXFileReference; lastKnownFileType = sourcecode.swift; path = DatabaseButtons.swift; sourceTree = "<group>"; };
		56519DB8274EC27500ED16D8 /* PlayerCountRequest.swift */ = {isa = PBXFileReference; lastKnownFileType = sourcecode.swift; path = PlayerCountRequest.swift; sourceTree = "<group>"; };
		56519DBA274EC7C300ED16D8 /* README.md */ = {isa = PBXFileReference; lastKnownFileType = net.daringfireball.markdown; path = README.md; sourceTree = "<group>"; };
		56F8A185273802970011ACBE /* QueryDemo.app */ = {isa = PBXFileReference; explicitFileType = wrapper.application; includeInIndex = 0; path = QueryDemo.app; sourceTree = BUILT_PRODUCTS_DIR; };
		56F8A188273802970011ACBE /* QueryDemoApp.swift */ = {isa = PBXFileReference; lastKnownFileType = sourcecode.swift; path = QueryDemoApp.swift; sourceTree = "<group>"; };
		56F8A18A273802970011ACBE /* AppView.swift */ = {isa = PBXFileReference; lastKnownFileType = sourcecode.swift; path = AppView.swift; sourceTree = "<group>"; };
		56F8A18C273802980011ACBE /* Assets.xcassets */ = {isa = PBXFileReference; lastKnownFileType = folder.assetcatalog; path = Assets.xcassets; sourceTree = "<group>"; };
		56F8A18F273802980011ACBE /* Preview Assets.xcassets */ = {isa = PBXFileReference; lastKnownFileType = folder.assetcatalog; path = "Preview Assets.xcassets"; sourceTree = "<group>"; };
		56F8A195273802980011ACBE /* QueryDemoTests.xctest */ = {isa = PBXFileReference; explicitFileType = wrapper.cfbundle; includeInIndex = 0; path = QueryDemoTests.xctest; sourceTree = BUILT_PRODUCTS_DIR; };
		56F8A199273802980011ACBE /* QueryDemoTests.swift */ = {isa = PBXFileReference; lastKnownFileType = sourcecode.swift; path = QueryDemoTests.swift; sourceTree = "<group>"; };
		56F8A19F273802980011ACBE /* QueryDemoUITests.xctest */ = {isa = PBXFileReference; explicitFileType = wrapper.cfbundle; includeInIndex = 0; path = QueryDemoUITests.xctest; sourceTree = BUILT_PRODUCTS_DIR; };
		56F8A1A3273802980011ACBE /* QueryDemoUITests.swift */ = {isa = PBXFileReference; lastKnownFileType = sourcecode.swift; path = QueryDemoUITests.swift; sourceTree = "<group>"; };
		56F8A1A5273802980011ACBE /* QueryDemoUITestsLaunchTests.swift */ = {isa = PBXFileReference; lastKnownFileType = sourcecode.swift; path = QueryDemoUITestsLaunchTests.swift; sourceTree = "<group>"; };
		56F8A1B2273802A50011ACBE /* GRDB.swift */ = {isa = PBXFileReference; lastKnownFileType = folder; name = GRDB.swift; path = ../../..; sourceTree = "<group>"; };
		56F8A1B3273802AB0011ACBE /* Query */ = {isa = PBXFileReference; lastKnownFileType = folder; name = Query; path = ../Query; sourceTree = "<group>"; };
		56F8A1BD273803E90011ACBE /* Player.swift */ = {isa = PBXFileReference; lastKnownFileType = sourcecode.swift; path = Player.swift; sourceTree = "<group>"; };
/* End PBXFileReference section */

/* Begin PBXFrameworksBuildPhase section */
		56F8A182273802970011ACBE /* Frameworks */ = {
			isa = PBXFrameworksBuildPhase;
			buildActionMask = 2147483647;
			files = (
				56F8A1BA273803BB0011ACBE /* GRDB in Frameworks */,
				56F8A1BC273803BB0011ACBE /* Query in Frameworks */,
			);
			runOnlyForDeploymentPostprocessing = 0;
		};
		56F8A192273802980011ACBE /* Frameworks */ = {
			isa = PBXFrameworksBuildPhase;
			buildActionMask = 2147483647;
			files = (
			);
			runOnlyForDeploymentPostprocessing = 0;
		};
		56F8A19C273802980011ACBE /* Frameworks */ = {
			isa = PBXFrameworksBuildPhase;
			buildActionMask = 2147483647;
			files = (
			);
			runOnlyForDeploymentPostprocessing = 0;
		};
/* End PBXFrameworksBuildPhase section */

/* Begin PBXGroup section */
		56519D99274E1B9A00ED16D8 /* Views */ = {
			isa = PBXGroup;
			children = (
				56F8A18A273802970011ACBE /* AppView.swift */,
				56519DB6274EAFD700ED16D8 /* DatabaseButtons.swift */,
				56519D82274CCD1800ED16D8 /* InformationStyle.swift */,
				56519D95274D629600ED16D8 /* PlayerFormView.swift */,
				56519D93274D623700ED16D8 /* PlayerNotFoundView.swift */,
				56519D97274D64C900ED16D8 /* PlayerPresenceView.swift */,
				56519D91274D611F00ED16D8 /* PlayerView.swift */,
			);
			path = Views;
			sourceTree = "<group>";
		};
		56519D9A274E1BCB00ED16D8 /* Models */ = {
			isa = PBXGroup;
			children = (
				56F8A1BD273803E90011ACBE /* Player.swift */,
			);
			path = Models;
			sourceTree = "<group>";
		};
		56519D9B274E1BDC00ED16D8 /* Requests */ = {
			isa = PBXGroup;
			children = (
				56519D9C274E1BF100ED16D8 /* PlayerRequest.swift */,
				56519D9E274E1C1A00ED16D8 /* PlayerPresenceRequest.swift */,
				56519DB8274EC27500ED16D8 /* PlayerCountRequest.swift */,
			);
			path = Requests;
			sourceTree = "<group>";
		};
		56F8A17C273802970011ACBE = {
			isa = PBXGroup;
			children = (
				56519DBA274EC7C300ED16D8 /* README.md */,
				56F8A1B2273802A50011ACBE /* GRDB.swift */,
				56F8A1B3273802AB0011ACBE /* Query */,
				56F8A187273802970011ACBE /* QueryDemo */,
				56F8A198273802980011ACBE /* QueryDemoTests */,
				56F8A1A2273802980011ACBE /* QueryDemoUITests */,
				56F8A186273802970011ACBE /* Products */,
				56F8A1B8273803BB0011ACBE /* Frameworks */,
			);
			sourceTree = "<group>";
		};
		56F8A186273802970011ACBE /* Products */ = {
			isa = PBXGroup;
			children = (
				56F8A185273802970011ACBE /* QueryDemo.app */,
				56F8A195273802980011ACBE /* QueryDemoTests.xctest */,
				56F8A19F273802980011ACBE /* QueryDemoUITests.xctest */,
			);
			name = Products;
			sourceTree = "<group>";
		};
		56F8A187273802970011ACBE /* QueryDemo */ = {
			isa = PBXGroup;
			children = (
				56F8A188273802970011ACBE /* QueryDemoApp.swift */,
				56519DB4274EAC7400ED16D8 /* Persistence.swift */,
				56519D99274E1B9A00ED16D8 /* Views */,
				56519D9A274E1BCB00ED16D8 /* Models */,
				56519D9B274E1BDC00ED16D8 /* Requests */,
				56F8A18C273802980011ACBE /* Assets.xcassets */,
				56F8A18E273802980011ACBE /* Preview Content */,
			);
			path = QueryDemo;
			sourceTree = "<group>";
		};
		56F8A18E273802980011ACBE /* Preview Content */ = {
			isa = PBXGroup;
			children = (
				56F8A18F273802980011ACBE /* Preview Assets.xcassets */,
			);
			path = "Preview Content";
			sourceTree = "<group>";
		};
		56F8A198273802980011ACBE /* QueryDemoTests */ = {
			isa = PBXGroup;
			children = (
				56F8A199273802980011ACBE /* QueryDemoTests.swift */,
			);
			path = QueryDemoTests;
			sourceTree = "<group>";
		};
		56F8A1A2273802980011ACBE /* QueryDemoUITests */ = {
			isa = PBXGroup;
			children = (
				56F8A1A3273802980011ACBE /* QueryDemoUITests.swift */,
				56F8A1A5273802980011ACBE /* QueryDemoUITestsLaunchTests.swift */,
			);
			path = QueryDemoUITests;
			sourceTree = "<group>";
		};
		56F8A1B8273803BB0011ACBE /* Frameworks */ = {
			isa = PBXGroup;
			children = (
			);
			name = Frameworks;
			sourceTree = "<group>";
		};
/* End PBXGroup section */

/* Begin PBXNativeTarget section */
		56F8A184273802970011ACBE /* QueryDemo */ = {
			isa = PBXNativeTarget;
			buildConfigurationList = 56F8A1A9273802980011ACBE /* Build configuration list for PBXNativeTarget "QueryDemo" */;
			buildPhases = (
				56F8A181273802970011ACBE /* Sources */,
				56F8A182273802970011ACBE /* Frameworks */,
				56F8A183273802970011ACBE /* Resources */,
			);
			buildRules = (
			);
			dependencies = (
				56F8A1B5273803B60011ACBE /* PBXTargetDependency */,
				56F8A1B7273803B60011ACBE /* PBXTargetDependency */,
			);
			name = QueryDemo;
			packageProductDependencies = (
				56F8A1B9273803BB0011ACBE /* GRDB */,
				56F8A1BB273803BB0011ACBE /* Query */,
			);
			productName = QueryDemo;
			productReference = 56F8A185273802970011ACBE /* QueryDemo.app */;
			productType = "com.apple.product-type.application";
		};
		56F8A194273802980011ACBE /* QueryDemoTests */ = {
			isa = PBXNativeTarget;
			buildConfigurationList = 56F8A1AC273802980011ACBE /* Build configuration list for PBXNativeTarget "QueryDemoTests" */;
			buildPhases = (
				56F8A191273802980011ACBE /* Sources */,
				56F8A192273802980011ACBE /* Frameworks */,
				56F8A193273802980011ACBE /* Resources */,
			);
			buildRules = (
			);
			dependencies = (
				56F8A197273802980011ACBE /* PBXTargetDependency */,
			);
			name = QueryDemoTests;
			productName = QueryDemoTests;
			productReference = 56F8A195273802980011ACBE /* QueryDemoTests.xctest */;
			productType = "com.apple.product-type.bundle.unit-test";
		};
		56F8A19E273802980011ACBE /* QueryDemoUITests */ = {
			isa = PBXNativeTarget;
			buildConfigurationList = 56F8A1AF273802980011ACBE /* Build configuration list for PBXNativeTarget "QueryDemoUITests" */;
			buildPhases = (
				56F8A19B273802980011ACBE /* Sources */,
				56F8A19C273802980011ACBE /* Frameworks */,
				56F8A19D273802980011ACBE /* Resources */,
			);
			buildRules = (
			);
			dependencies = (
				56F8A1A1273802980011ACBE /* PBXTargetDependency */,
			);
			name = QueryDemoUITests;
			productName = QueryDemoUITests;
			productReference = 56F8A19F273802980011ACBE /* QueryDemoUITests.xctest */;
			productType = "com.apple.product-type.bundle.ui-testing";
		};
/* End PBXNativeTarget section */

/* Begin PBXProject section */
		56F8A17D273802970011ACBE /* Project object */ = {
			isa = PBXProject;
			attributes = {
				BuildIndependentTargetsInParallel = 1;
				LastSwiftUpdateCheck = 1310;
				LastUpgradeCheck = 1310;
				TargetAttributes = {
					56F8A184273802970011ACBE = {
						CreatedOnToolsVersion = 13.1;
					};
					56F8A194273802980011ACBE = {
						CreatedOnToolsVersion = 13.1;
						TestTargetID = 56F8A184273802970011ACBE;
					};
					56F8A19E273802980011ACBE = {
						CreatedOnToolsVersion = 13.1;
						TestTargetID = 56F8A184273802970011ACBE;
					};
				};
			};
			buildConfigurationList = 56F8A180273802970011ACBE /* Build configuration list for PBXProject "QueryDemo" */;
			compatibilityVersion = "Xcode 13.0";
			developmentRegion = en;
			hasScannedForEncodings = 0;
			knownRegions = (
				en,
				Base,
			);
			mainGroup = 56F8A17C273802970011ACBE;
			productRefGroup = 56F8A186273802970011ACBE /* Products */;
			projectDirPath = "";
			projectRoot = "";
			targets = (
				56F8A184273802970011ACBE /* QueryDemo */,
				56F8A194273802980011ACBE /* QueryDemoTests */,
				56F8A19E273802980011ACBE /* QueryDemoUITests */,
			);
		};
/* End PBXProject section */

/* Begin PBXResourcesBuildPhase section */
		56F8A183273802970011ACBE /* Resources */ = {
			isa = PBXResourcesBuildPhase;
			buildActionMask = 2147483647;
			files = (
				56F8A190273802980011ACBE /* Preview Assets.xcassets in Resources */,
				56F8A18D273802980011ACBE /* Assets.xcassets in Resources */,
			);
			runOnlyForDeploymentPostprocessing = 0;
		};
		56F8A193273802980011ACBE /* Resources */ = {
			isa = PBXResourcesBuildPhase;
			buildActionMask = 2147483647;
			files = (
			);
			runOnlyForDeploymentPostprocessing = 0;
		};
		56F8A19D273802980011ACBE /* Resources */ = {
			isa = PBXResourcesBuildPhase;
			buildActionMask = 2147483647;
			files = (
			);
			runOnlyForDeploymentPostprocessing = 0;
		};
/* End PBXResourcesBuildPhase section */

/* Begin PBXSourcesBuildPhase section */
		56F8A181273802970011ACBE /* Sources */ = {
			isa = PBXSourcesBuildPhase;
			buildActionMask = 2147483647;
			files = (
				56519DB5274EAC7400ED16D8 /* Persistence.swift in Sources */,
				56F8A18B273802970011ACBE /* AppView.swift in Sources */,
				56519D83274CCD1800ED16D8 /* InformationStyle.swift in Sources */,
				56519D96274D629600ED16D8 /* PlayerFormView.swift in Sources */,
				56519D9F274E1C1A00ED16D8 /* PlayerPresenceRequest.swift in Sources */,
				56519D94274D623700ED16D8 /* PlayerNotFoundView.swift in Sources */,
				56519D9D274E1BF100ED16D8 /* PlayerRequest.swift in Sources */,
				56519D92274D611F00ED16D8 /* PlayerView.swift in Sources */,
				56519DB7274EAFD700ED16D8 /* DatabaseButtons.swift in Sources */,
				56519DB9274EC27500ED16D8 /* PlayerCountRequest.swift in Sources */,
				56F8A1BE273803E90011ACBE /* Player.swift in Sources */,
				56F8A189273802970011ACBE /* QueryDemoApp.swift in Sources */,
				56519D98274D64C900ED16D8 /* PlayerPresenceView.swift in Sources */,
			);
			runOnlyForDeploymentPostprocessing = 0;
		};
		56F8A191273802980011ACBE /* Sources */ = {
			isa = PBXSourcesBuildPhase;
			buildActionMask = 2147483647;
			files = (
				56F8A19A273802980011ACBE /* QueryDemoTests.swift in Sources */,
			);
			runOnlyForDeploymentPostprocessing = 0;
		};
		56F8A19B273802980011ACBE /* Sources */ = {
			isa = PBXSourcesBuildPhase;
			buildActionMask = 2147483647;
			files = (
				56F8A1A4273802980011ACBE /* QueryDemoUITests.swift in Sources */,
				56F8A1A6273802980011ACBE /* QueryDemoUITestsLaunchTests.swift in Sources */,
			);
			runOnlyForDeploymentPostprocessing = 0;
		};
/* End PBXSourcesBuildPhase section */

/* Begin PBXTargetDependency section */
		56F8A197273802980011ACBE /* PBXTargetDependency */ = {
			isa = PBXTargetDependency;
			target = 56F8A184273802970011ACBE /* QueryDemo */;
			targetProxy = 56F8A196273802980011ACBE /* PBXContainerItemProxy */;
		};
		56F8A1A1273802980011ACBE /* PBXTargetDependency */ = {
			isa = PBXTargetDependency;
			target = 56F8A184273802970011ACBE /* QueryDemo */;
			targetProxy = 56F8A1A0273802980011ACBE /* PBXContainerItemProxy */;
		};
		56F8A1B5273803B60011ACBE /* PBXTargetDependency */ = {
			isa = PBXTargetDependency;
			productRef = 56F8A1B4273803B60011ACBE /* GRDB */;
		};
		56F8A1B7273803B60011ACBE /* PBXTargetDependency */ = {
			isa = PBXTargetDependency;
			productRef = 56F8A1B6273803B60011ACBE /* Query */;
		};
/* End PBXTargetDependency section */

/* Begin XCBuildConfiguration section */
		56F8A1A7273802980011ACBE /* Debug */ = {
			isa = XCBuildConfiguration;
			buildSettings = {
				ALWAYS_SEARCH_USER_PATHS = NO;
				CLANG_ANALYZER_NONNULL = YES;
				CLANG_ANALYZER_NUMBER_OBJECT_CONVERSION = YES_AGGRESSIVE;
				CLANG_CXX_LANGUAGE_STANDARD = "gnu++17";
				CLANG_CXX_LIBRARY = "libc++";
				CLANG_ENABLE_MODULES = YES;
				CLANG_ENABLE_OBJC_ARC = YES;
				CLANG_ENABLE_OBJC_WEAK = YES;
				CLANG_WARN_BLOCK_CAPTURE_AUTORELEASING = YES;
				CLANG_WARN_BOOL_CONVERSION = YES;
				CLANG_WARN_COMMA = YES;
				CLANG_WARN_CONSTANT_CONVERSION = YES;
				CLANG_WARN_DEPRECATED_OBJC_IMPLEMENTATIONS = YES;
				CLANG_WARN_DIRECT_OBJC_ISA_USAGE = YES_ERROR;
				CLANG_WARN_DOCUMENTATION_COMMENTS = YES;
				CLANG_WARN_EMPTY_BODY = YES;
				CLANG_WARN_ENUM_CONVERSION = YES;
				CLANG_WARN_INFINITE_RECURSION = YES;
				CLANG_WARN_INT_CONVERSION = YES;
				CLANG_WARN_NON_LITERAL_NULL_CONVERSION = YES;
				CLANG_WARN_OBJC_IMPLICIT_RETAIN_SELF = YES;
				CLANG_WARN_OBJC_LITERAL_CONVERSION = YES;
				CLANG_WARN_OBJC_ROOT_CLASS = YES_ERROR;
				CLANG_WARN_QUOTED_INCLUDE_IN_FRAMEWORK_HEADER = YES;
				CLANG_WARN_RANGE_LOOP_ANALYSIS = YES;
				CLANG_WARN_STRICT_PROTOTYPES = YES;
				CLANG_WARN_SUSPICIOUS_MOVE = YES;
				CLANG_WARN_UNGUARDED_AVAILABILITY = YES_AGGRESSIVE;
				CLANG_WARN_UNREACHABLE_CODE = YES;
				CLANG_WARN__DUPLICATE_METHOD_MATCH = YES;
				COPY_PHASE_STRIP = NO;
				DEBUG_INFORMATION_FORMAT = dwarf;
				ENABLE_STRICT_OBJC_MSGSEND = YES;
				ENABLE_TESTABILITY = YES;
				GCC_C_LANGUAGE_STANDARD = gnu11;
				GCC_DYNAMIC_NO_PIC = NO;
				GCC_NO_COMMON_BLOCKS = YES;
				GCC_OPTIMIZATION_LEVEL = 0;
				GCC_PREPROCESSOR_DEFINITIONS = (
					"DEBUG=1",
					"$(inherited)",
				);
				GCC_WARN_64_TO_32_BIT_CONVERSION = YES;
				GCC_WARN_ABOUT_RETURN_TYPE = YES_ERROR;
				GCC_WARN_UNDECLARED_SELECTOR = YES;
				GCC_WARN_UNINITIALIZED_AUTOS = YES_AGGRESSIVE;
				GCC_WARN_UNUSED_FUNCTION = YES;
				GCC_WARN_UNUSED_VARIABLE = YES;
				IPHONEOS_DEPLOYMENT_TARGET = 15.0;
				MTL_ENABLE_DEBUG_INFO = INCLUDE_SOURCE;
				MTL_FAST_MATH = YES;
				ONLY_ACTIVE_ARCH = YES;
				SDKROOT = iphoneos;
				SWIFT_ACTIVE_COMPILATION_CONDITIONS = DEBUG;
				SWIFT_OPTIMIZATION_LEVEL = "-Onone";
			};
			name = Debug;
		};
		56F8A1A8273802980011ACBE /* Release */ = {
			isa = XCBuildConfiguration;
			buildSettings = {
				ALWAYS_SEARCH_USER_PATHS = NO;
				CLANG_ANALYZER_NONNULL = YES;
				CLANG_ANALYZER_NUMBER_OBJECT_CONVERSION = YES_AGGRESSIVE;
				CLANG_CXX_LANGUAGE_STANDARD = "gnu++17";
				CLANG_CXX_LIBRARY = "libc++";
				CLANG_ENABLE_MODULES = YES;
				CLANG_ENABLE_OBJC_ARC = YES;
				CLANG_ENABLE_OBJC_WEAK = YES;
				CLANG_WARN_BLOCK_CAPTURE_AUTORELEASING = YES;
				CLANG_WARN_BOOL_CONVERSION = YES;
				CLANG_WARN_COMMA = YES;
				CLANG_WARN_CONSTANT_CONVERSION = YES;
				CLANG_WARN_DEPRECATED_OBJC_IMPLEMENTATIONS = YES;
				CLANG_WARN_DIRECT_OBJC_ISA_USAGE = YES_ERROR;
				CLANG_WARN_DOCUMENTATION_COMMENTS = YES;
				CLANG_WARN_EMPTY_BODY = YES;
				CLANG_WARN_ENUM_CONVERSION = YES;
				CLANG_WARN_INFINITE_RECURSION = YES;
				CLANG_WARN_INT_CONVERSION = YES;
				CLANG_WARN_NON_LITERAL_NULL_CONVERSION = YES;
				CLANG_WARN_OBJC_IMPLICIT_RETAIN_SELF = YES;
				CLANG_WARN_OBJC_LITERAL_CONVERSION = YES;
				CLANG_WARN_OBJC_ROOT_CLASS = YES_ERROR;
				CLANG_WARN_QUOTED_INCLUDE_IN_FRAMEWORK_HEADER = YES;
				CLANG_WARN_RANGE_LOOP_ANALYSIS = YES;
				CLANG_WARN_STRICT_PROTOTYPES = YES;
				CLANG_WARN_SUSPICIOUS_MOVE = YES;
				CLANG_WARN_UNGUARDED_AVAILABILITY = YES_AGGRESSIVE;
				CLANG_WARN_UNREACHABLE_CODE = YES;
				CLANG_WARN__DUPLICATE_METHOD_MATCH = YES;
				COPY_PHASE_STRIP = NO;
				DEBUG_INFORMATION_FORMAT = "dwarf-with-dsym";
				ENABLE_NS_ASSERTIONS = NO;
				ENABLE_STRICT_OBJC_MSGSEND = YES;
				GCC_C_LANGUAGE_STANDARD = gnu11;
				GCC_NO_COMMON_BLOCKS = YES;
				GCC_WARN_64_TO_32_BIT_CONVERSION = YES;
				GCC_WARN_ABOUT_RETURN_TYPE = YES_ERROR;
				GCC_WARN_UNDECLARED_SELECTOR = YES;
				GCC_WARN_UNINITIALIZED_AUTOS = YES_AGGRESSIVE;
				GCC_WARN_UNUSED_FUNCTION = YES;
				GCC_WARN_UNUSED_VARIABLE = YES;
				IPHONEOS_DEPLOYMENT_TARGET = 15.0;
				MTL_ENABLE_DEBUG_INFO = NO;
				MTL_FAST_MATH = YES;
				SDKROOT = iphoneos;
				SWIFT_COMPILATION_MODE = wholemodule;
				SWIFT_OPTIMIZATION_LEVEL = "-O";
				VALIDATE_PRODUCT = YES;
			};
			name = Release;
		};
		56F8A1AA273802980011ACBE /* Debug */ = {
			isa = XCBuildConfiguration;
			buildSettings = {
				ASSETCATALOG_COMPILER_APPICON_NAME = AppIcon;
				ASSETCATALOG_COMPILER_GLOBAL_ACCENT_COLOR_NAME = AccentColor;
				CODE_SIGN_STYLE = Automatic;
				CURRENT_PROJECT_VERSION = 1;
				DEVELOPMENT_ASSET_PATHS = "\"QueryDemo/Preview Content\"";
				ENABLE_PREVIEWS = YES;
				GENERATE_INFOPLIST_FILE = YES;
				INFOPLIST_KEY_UIApplicationSceneManifest_Generation = YES;
				INFOPLIST_KEY_UIApplicationSupportsIndirectInputEvents = YES;
				INFOPLIST_KEY_UILaunchScreen_Generation = YES;
				INFOPLIST_KEY_UISupportedInterfaceOrientations_iPad = "UIInterfaceOrientationPortrait UIInterfaceOrientationPortraitUpsideDown UIInterfaceOrientationLandscapeLeft UIInterfaceOrientationLandscapeRight";
				INFOPLIST_KEY_UISupportedInterfaceOrientations_iPhone = "UIInterfaceOrientationPortrait UIInterfaceOrientationLandscapeLeft UIInterfaceOrientationLandscapeRight";
				LD_RUNPATH_SEARCH_PATHS = (
					"$(inherited)",
					"@executable_path/Frameworks",
				);
				MARKETING_VERSION = 1.0;
				PRODUCT_BUNDLE_IDENTIFIER = com.github.groue.QueryDemo;
				PRODUCT_NAME = "$(TARGET_NAME)";
				SWIFT_EMIT_LOC_STRINGS = YES;
				SWIFT_VERSION = 5.0;
				TARGETED_DEVICE_FAMILY = "1,2";
			};
			name = Debug;
		};
		56F8A1AB273802980011ACBE /* Release */ = {
			isa = XCBuildConfiguration;
			buildSettings = {
				ASSETCATALOG_COMPILER_APPICON_NAME = AppIcon;
				ASSETCATALOG_COMPILER_GLOBAL_ACCENT_COLOR_NAME = AccentColor;
				CODE_SIGN_STYLE = Automatic;
				CURRENT_PROJECT_VERSION = 1;
				DEVELOPMENT_ASSET_PATHS = "\"QueryDemo/Preview Content\"";
				ENABLE_PREVIEWS = YES;
				GENERATE_INFOPLIST_FILE = YES;
				INFOPLIST_KEY_UIApplicationSceneManifest_Generation = YES;
				INFOPLIST_KEY_UIApplicationSupportsIndirectInputEvents = YES;
				INFOPLIST_KEY_UILaunchScreen_Generation = YES;
				INFOPLIST_KEY_UISupportedInterfaceOrientations_iPad = "UIInterfaceOrientationPortrait UIInterfaceOrientationPortraitUpsideDown UIInterfaceOrientationLandscapeLeft UIInterfaceOrientationLandscapeRight";
				INFOPLIST_KEY_UISupportedInterfaceOrientations_iPhone = "UIInterfaceOrientationPortrait UIInterfaceOrientationLandscapeLeft UIInterfaceOrientationLandscapeRight";
				LD_RUNPATH_SEARCH_PATHS = (
					"$(inherited)",
					"@executable_path/Frameworks",
				);
				MARKETING_VERSION = 1.0;
				PRODUCT_BUNDLE_IDENTIFIER = com.github.groue.QueryDemo;
				PRODUCT_NAME = "$(TARGET_NAME)";
				SWIFT_EMIT_LOC_STRINGS = YES;
				SWIFT_VERSION = 5.0;
				TARGETED_DEVICE_FAMILY = "1,2";
			};
			name = Release;
		};
		56F8A1AD273802980011ACBE /* Debug */ = {
			isa = XCBuildConfiguration;
			buildSettings = {
				ALWAYS_EMBED_SWIFT_STANDARD_LIBRARIES = YES;
				BUNDLE_LOADER = "$(TEST_HOST)";
				CODE_SIGN_STYLE = Automatic;
				CURRENT_PROJECT_VERSION = 1;
				GENERATE_INFOPLIST_FILE = YES;
				IPHONEOS_DEPLOYMENT_TARGET = 15.0;
				LD_RUNPATH_SEARCH_PATHS = (
					"$(inherited)",
					"@executable_path/Frameworks",
					"@loader_path/Frameworks",
				);
				MARKETING_VERSION = 1.0;
				PRODUCT_BUNDLE_IDENTIFIER = com.github.groue.QueryDemoTests;
				PRODUCT_NAME = "$(TARGET_NAME)";
				SWIFT_EMIT_LOC_STRINGS = NO;
				SWIFT_VERSION = 5.0;
				TARGETED_DEVICE_FAMILY = "1,2";
				TEST_HOST = "$(BUILT_PRODUCTS_DIR)/QueryDemo.app/QueryDemo";
			};
			name = Debug;
		};
		56F8A1AE273802980011ACBE /* Release */ = {
			isa = XCBuildConfiguration;
			buildSettings = {
				ALWAYS_EMBED_SWIFT_STANDARD_LIBRARIES = YES;
				BUNDLE_LOADER = "$(TEST_HOST)";
				CODE_SIGN_STYLE = Automatic;
				CURRENT_PROJECT_VERSION = 1;
				GENERATE_INFOPLIST_FILE = YES;
				IPHONEOS_DEPLOYMENT_TARGET = 15.0;
				LD_RUNPATH_SEARCH_PATHS = (
					"$(inherited)",
					"@executable_path/Frameworks",
					"@loader_path/Frameworks",
				);
				MARKETING_VERSION = 1.0;
				PRODUCT_BUNDLE_IDENTIFIER = com.github.groue.QueryDemoTests;
				PRODUCT_NAME = "$(TARGET_NAME)";
				SWIFT_EMIT_LOC_STRINGS = NO;
				SWIFT_VERSION = 5.0;
				TARGETED_DEVICE_FAMILY = "1,2";
				TEST_HOST = "$(BUILT_PRODUCTS_DIR)/QueryDemo.app/QueryDemo";
			};
			name = Release;
		};
		56F8A1B0273802980011ACBE /* Debug */ = {
			isa = XCBuildConfiguration;
			buildSettings = {
				ALWAYS_EMBED_SWIFT_STANDARD_LIBRARIES = YES;
				CODE_SIGN_STYLE = Automatic;
				CURRENT_PROJECT_VERSION = 1;
				GENERATE_INFOPLIST_FILE = YES;
				LD_RUNPATH_SEARCH_PATHS = (
					"$(inherited)",
					"@executable_path/Frameworks",
					"@loader_path/Frameworks",
				);
				MARKETING_VERSION = 1.0;
				PRODUCT_BUNDLE_IDENTIFIER = com.github.groue.QueryDemoUITests;
				PRODUCT_NAME = "$(TARGET_NAME)";
				SWIFT_EMIT_LOC_STRINGS = NO;
				SWIFT_VERSION = 5.0;
				TARGETED_DEVICE_FAMILY = "1,2";
				TEST_TARGET_NAME = QueryDemo;
			};
			name = Debug;
		};
		56F8A1B1273802980011ACBE /* Release */ = {
			isa = XCBuildConfiguration;
			buildSettings = {
				ALWAYS_EMBED_SWIFT_STANDARD_LIBRARIES = YES;
				CODE_SIGN_STYLE = Automatic;
				CURRENT_PROJECT_VERSION = 1;
				GENERATE_INFOPLIST_FILE = YES;
				LD_RUNPATH_SEARCH_PATHS = (
					"$(inherited)",
					"@executable_path/Frameworks",
					"@loader_path/Frameworks",
				);
				MARKETING_VERSION = 1.0;
				PRODUCT_BUNDLE_IDENTIFIER = com.github.groue.QueryDemoUITests;
				PRODUCT_NAME = "$(TARGET_NAME)";
				SWIFT_EMIT_LOC_STRINGS = NO;
				SWIFT_VERSION = 5.0;
				TARGETED_DEVICE_FAMILY = "1,2";
				TEST_TARGET_NAME = QueryDemo;
			};
			name = Release;
		};
/* End XCBuildConfiguration section */

/* Begin XCConfigurationList section */
		56F8A180273802970011ACBE /* Build configuration list for PBXProject "QueryDemo" */ = {
			isa = XCConfigurationList;
			buildConfigurations = (
				56F8A1A7273802980011ACBE /* Debug */,
				56F8A1A8273802980011ACBE /* Release */,
			);
			defaultConfigurationIsVisible = 0;
			defaultConfigurationName = Release;
		};
		56F8A1A9273802980011ACBE /* Build configuration list for PBXNativeTarget "QueryDemo" */ = {
			isa = XCConfigurationList;
			buildConfigurations = (
				56F8A1AA273802980011ACBE /* Debug */,
				56F8A1AB273802980011ACBE /* Release */,
			);
			defaultConfigurationIsVisible = 0;
			defaultConfigurationName = Release;
		};
		56F8A1AC273802980011ACBE /* Build configuration list for PBXNativeTarget "QueryDemoTests" */ = {
			isa = XCConfigurationList;
			buildConfigurations = (
				56F8A1AD273802980011ACBE /* Debug */,
				56F8A1AE273802980011ACBE /* Release */,
			);
			defaultConfigurationIsVisible = 0;
			defaultConfigurationName = Release;
		};
		56F8A1AF273802980011ACBE /* Build configuration list for PBXNativeTarget "QueryDemoUITests" */ = {
			isa = XCConfigurationList;
			buildConfigurations = (
				56F8A1B0273802980011ACBE /* Debug */,
				56F8A1B1273802980011ACBE /* Release */,
			);
			defaultConfigurationIsVisible = 0;
			defaultConfigurationName = Release;
		};
/* End XCConfigurationList section */

/* Begin XCSwiftPackageProductDependency section */
		56F8A1B4273803B60011ACBE /* GRDB */ = {
			isa = XCSwiftPackageProductDependency;
			productName = GRDB;
		};
		56F8A1B6273803B60011ACBE /* Query */ = {
			isa = XCSwiftPackageProductDependency;
			productName = Query;
		};
		56F8A1B9273803BB0011ACBE /* GRDB */ = {
			isa = XCSwiftPackageProductDependency;
			productName = GRDB;
		};
		56F8A1BB273803BB0011ACBE /* Query */ = {
			isa = XCSwiftPackageProductDependency;
			productName = Query;
		};
/* End XCSwiftPackageProductDependency section */
	};
	rootObject = 56F8A17D273802970011ACBE /* Project object */;
}
