// !$*UTF8*$!
{
	archiveVersion = 1;
	classes = {
	};
	objectVersion = 46;
	objects = {

/* Begin PBXBuildFile section */
		562FF9951BCE8FA400759400 /* AppDelegate.swift in Sources */ = {isa = PBXBuildFile; fileRef = 562FF9941BCE8FA400759400 /* AppDelegate.swift */; };
		562FF9971BCE8FA400759400 /* PersonsViewController.swift in Sources */ = {isa = PBXBuildFile; fileRef = 562FF9961BCE8FA400759400 /* PersonsViewController.swift */; };
		562FF99A1BCE8FA400759400 /* Main.storyboard in Resources */ = {isa = PBXBuildFile; fileRef = 562FF9981BCE8FA400759400 /* Main.storyboard */; };
		562FF99C1BCE8FA400759400 /* Assets.xcassets in Resources */ = {isa = PBXBuildFile; fileRef = 562FF99B1BCE8FA400759400 /* Assets.xcassets */; };
		562FF99F1BCE8FA400759400 /* LaunchScreen.storyboard in Resources */ = {isa = PBXBuildFile; fileRef = 562FF99D1BCE8FA400759400 /* LaunchScreen.storyboard */; };
		562FF9EC1BCE903D00759400 /* libsqlite3.tbd in Frameworks */ = {isa = PBXBuildFile; fileRef = 562FF9EB1BCE903D00759400 /* libsqlite3.tbd */; };
		562FF9EF1BCE912C00759400 /* PersonEditionViewController.swift in Sources */ = {isa = PBXBuildFile; fileRef = 562FF9EE1BCE912C00759400 /* PersonEditionViewController.swift */; };
		562FF9F21BCE914E00759400 /* Person.swift in Sources */ = {isa = PBXBuildFile; fileRef = 562FF9F11BCE914E00759400 /* Person.swift */; };
		566A20F31C58A4B300C5A218 /* AppDatabase.swift in Sources */ = {isa = PBXBuildFile; fileRef = 566A20F21C58A4B300C5A218 /* AppDatabase.swift */; };
		566A21271C58A54F00C5A218 /* Configuration.swift in Sources */ = {isa = PBXBuildFile; fileRef = 566A20F61C58A54F00C5A218 /* Configuration.swift */; };
		566A21281C58A54F00C5A218 /* Database.swift in Sources */ = {isa = PBXBuildFile; fileRef = 566A20F71C58A54F00C5A218 /* Database.swift */; };
		566A21291C58A54F00C5A218 /* DatabaseError.swift in Sources */ = {isa = PBXBuildFile; fileRef = 566A20F81C58A54F00C5A218 /* DatabaseError.swift */; };
		566A212A1C58A54F00C5A218 /* DatabaseQueue.swift in Sources */ = {isa = PBXBuildFile; fileRef = 566A20F91C58A54F00C5A218 /* DatabaseQueue.swift */; };
		566A212B1C58A54F00C5A218 /* DatabaseValue.swift in Sources */ = {isa = PBXBuildFile; fileRef = 566A20FA1C58A54F00C5A218 /* DatabaseValue.swift */; };
		566A212C1C58A54F00C5A218 /* DatabaseValueConvertible.swift in Sources */ = {isa = PBXBuildFile; fileRef = 566A20FC1C58A54F00C5A218 /* DatabaseValueConvertible.swift */; };
		566A212D1C58A54F00C5A218 /* Persistable.swift in Sources */ = {isa = PBXBuildFile; fileRef = 566A20FD1C58A54F00C5A218 /* Persistable.swift */; };
		566A212E1C58A54F00C5A218 /* RowConvertible.swift in Sources */ = {isa = PBXBuildFile; fileRef = 566A20FE1C58A54F00C5A218 /* RowConvertible.swift */; };
		566A212F1C58A54F00C5A218 /* SQLiteStatementConvertible.swift in Sources */ = {isa = PBXBuildFile; fileRef = 566A20FF1C58A54F00C5A218 /* SQLiteStatementConvertible.swift */; };
		566A21301C58A54F00C5A218 /* TableMapping.swift in Sources */ = {isa = PBXBuildFile; fileRef = 566A21001C58A54F00C5A218 /* TableMapping.swift */; };
		566A21311C58A54F00C5A218 /* Row.swift in Sources */ = {isa = PBXBuildFile; fileRef = 566A21011C58A54F00C5A218 /* Row.swift */; };
		566A21321C58A54F00C5A218 /* Statement.swift in Sources */ = {isa = PBXBuildFile; fileRef = 566A21021C58A54F00C5A218 /* Statement.swift */; };
		566A21331C58A54F00C5A218 /* Utils.swift in Sources */ = {isa = PBXBuildFile; fileRef = 566A21031C58A54F00C5A218 /* Utils.swift */; };
		566A21341C58A54F00C5A218 /* CGFloat.swift in Sources */ = {isa = PBXBuildFile; fileRef = 566A21051C58A54F00C5A218 /* CGFloat.swift */; };
		566A21351C58A54F00C5A218 /* FetchRequest.swift in Sources */ = {isa = PBXBuildFile; fileRef = 566A21071C58A54F00C5A218 /* FetchRequest.swift */; };
		566A21361C58A54F00C5A218 /* Collation.swift in Sources */ = {isa = PBXBuildFile; fileRef = 566A21091C58A54F00C5A218 /* Collation.swift */; };
		566A21371C58A54F00C5A218 /* Function.swift in Sources */ = {isa = PBXBuildFile; fileRef = 566A210A1C58A54F00C5A218 /* Function.swift */; };
		566A21381C58A54F00C5A218 /* Operator.swift in Sources */ = {isa = PBXBuildFile; fileRef = 566A210B1C58A54F00C5A218 /* Operator.swift */; };
		566A21391C58A54F00C5A218 /* SQLQuery.swift in Sources */ = {isa = PBXBuildFile; fileRef = 566A210C1C58A54F00C5A218 /* SQLQuery.swift */; };
		566A213A1C58A54F00C5A218 /* DatabaseCoder.swift in Sources */ = {isa = PBXBuildFile; fileRef = 566A210E1C58A54F00C5A218 /* DatabaseCoder.swift */; };
		566A213B1C58A54F00C5A218 /* DatabaseDateComponents.swift in Sources */ = {isa = PBXBuildFile; fileRef = 566A210F1C58A54F00C5A218 /* DatabaseDateComponents.swift */; };
		566A213C1C58A54F00C5A218 /* DatabaseValue+Foundation.swift in Sources */ = {isa = PBXBuildFile; fileRef = 566A21101C58A54F00C5A218 /* DatabaseValue+Foundation.swift */; };
		566A213D1C58A54F00C5A218 /* NSData.swift in Sources */ = {isa = PBXBuildFile; fileRef = 566A21111C58A54F00C5A218 /* NSData.swift */; };
		566A213E1C58A54F00C5A218 /* NSDate.swift in Sources */ = {isa = PBXBuildFile; fileRef = 566A21121C58A54F00C5A218 /* NSDate.swift */; };
		566A213F1C58A54F00C5A218 /* NSNull.swift in Sources */ = {isa = PBXBuildFile; fileRef = 566A21131C58A54F00C5A218 /* NSNull.swift */; };
		566A21401C58A54F00C5A218 /* NSNumber.swift in Sources */ = {isa = PBXBuildFile; fileRef = 566A21141C58A54F00C5A218 /* NSNumber.swift */; };
		566A21411C58A54F00C5A218 /* NSString.swift in Sources */ = {isa = PBXBuildFile; fileRef = 566A21151C58A54F00C5A218 /* NSString.swift */; };
		566A21421C58A54F00C5A218 /* NSURL.swift in Sources */ = {isa = PBXBuildFile; fileRef = 566A21161C58A54F00C5A218 /* NSURL.swift */; };
		566A21431C58A54F00C5A218 /* Row+Foundation.swift in Sources */ = {isa = PBXBuildFile; fileRef = 566A21171C58A54F00C5A218 /* Row+Foundation.swift */; };
		566A21441C58A54F00C5A218 /* StatementArguments+Foundation.swift in Sources */ = {isa = PBXBuildFile; fileRef = 566A21181C58A54F00C5A218 /* StatementArguments+Foundation.swift */; };
		566A21471C58A54F00C5A218 /* DatabaseMigrator.swift in Sources */ = {isa = PBXBuildFile; fileRef = 566A211E1C58A54F00C5A218 /* DatabaseMigrator.swift */; };
		566A21481C58A54F00C5A218 /* Migration.swift in Sources */ = {isa = PBXBuildFile; fileRef = 566A211F1C58A54F00C5A218 /* Migration.swift */; };
		566A214A1C58A54F00C5A218 /* Record.swift in Sources */ = {isa = PBXBuildFile; fileRef = 566A21231C58A54F00C5A218 /* Record.swift */; };
		566A214B1C58A54F00C5A218 /* RawRepresentable.swift in Sources */ = {isa = PBXBuildFile; fileRef = 566A21251C58A54F00C5A218 /* RawRepresentable.swift */; };
		566A214C1C58A54F00C5A218 /* StandardLibraryTypes.swift in Sources */ = {isa = PBXBuildFile; fileRef = 566A21261C58A54F00C5A218 /* StandardLibraryTypes.swift */; };
/* End PBXBuildFile section */

/* Begin PBXFileReference section */
		562FF9911BCE8FA400759400 /* GRDBDemoiOS7.app */ = {isa = PBXFileReference; explicitFileType = wrapper.application; includeInIndex = 0; path = GRDBDemoiOS7.app; sourceTree = BUILT_PRODUCTS_DIR; };
		562FF9941BCE8FA400759400 /* AppDelegate.swift */ = {isa = PBXFileReference; lastKnownFileType = sourcecode.swift; path = AppDelegate.swift; sourceTree = "<group>"; };
		562FF9961BCE8FA400759400 /* PersonsViewController.swift */ = {isa = PBXFileReference; lastKnownFileType = sourcecode.swift; path = PersonsViewController.swift; sourceTree = "<group>"; };
		562FF9991BCE8FA400759400 /* Base */ = {isa = PBXFileReference; lastKnownFileType = file.storyboard; name = Base; path = Base.lproj/Main.storyboard; sourceTree = "<group>"; };
		562FF99B1BCE8FA400759400 /* Assets.xcassets */ = {isa = PBXFileReference; lastKnownFileType = folder.assetcatalog; path = Assets.xcassets; sourceTree = "<group>"; };
		562FF99E1BCE8FA400759400 /* Base */ = {isa = PBXFileReference; lastKnownFileType = file.storyboard; name = Base; path = Base.lproj/LaunchScreen.storyboard; sourceTree = "<group>"; };
		562FF9A01BCE8FA400759400 /* Info.plist */ = {isa = PBXFileReference; lastKnownFileType = text.plist.xml; path = Info.plist; sourceTree = "<group>"; };
		562FF9EB1BCE903D00759400 /* libsqlite3.tbd */ = {isa = PBXFileReference; lastKnownFileType = "sourcecode.text-based-dylib-definition"; name = libsqlite3.tbd; path = usr/lib/libsqlite3.tbd; sourceTree = SDKROOT; };
		562FF9EE1BCE912C00759400 /* PersonEditionViewController.swift */ = {isa = PBXFileReference; fileEncoding = 4; lastKnownFileType = sourcecode.swift; path = PersonEditionViewController.swift; sourceTree = "<group>"; };
		562FF9F11BCE914E00759400 /* Person.swift */ = {isa = PBXFileReference; fileEncoding = 4; lastKnownFileType = sourcecode.swift; path = Person.swift; sourceTree = "<group>"; };
		562FF9F41BCE930C00759400 /* GRDBDemoiOS7-Bridging-Header.h */ = {isa = PBXFileReference; lastKnownFileType = sourcecode.c.h; path = "GRDBDemoiOS7-Bridging-Header.h"; sourceTree = "<group>"; };
		566A20F21C58A4B300C5A218 /* AppDatabase.swift */ = {isa = PBXFileReference; fileEncoding = 4; lastKnownFileType = sourcecode.swift; path = AppDatabase.swift; sourceTree = "<group>"; };
		566A20F61C58A54F00C5A218 /* Configuration.swift */ = {isa = PBXFileReference; fileEncoding = 4; lastKnownFileType = sourcecode.swift; path = Configuration.swift; sourceTree = "<group>"; };
		566A20F71C58A54F00C5A218 /* Database.swift */ = {isa = PBXFileReference; fileEncoding = 4; lastKnownFileType = sourcecode.swift; path = Database.swift; sourceTree = "<group>"; };
		566A20F81C58A54F00C5A218 /* DatabaseError.swift */ = {isa = PBXFileReference; fileEncoding = 4; lastKnownFileType = sourcecode.swift; path = DatabaseError.swift; sourceTree = "<group>"; };
		566A20F91C58A54F00C5A218 /* DatabaseQueue.swift */ = {isa = PBXFileReference; fileEncoding = 4; lastKnownFileType = sourcecode.swift; path = DatabaseQueue.swift; sourceTree = "<group>"; };
		566A20FA1C58A54F00C5A218 /* DatabaseValue.swift */ = {isa = PBXFileReference; fileEncoding = 4; lastKnownFileType = sourcecode.swift; path = DatabaseValue.swift; sourceTree = "<group>"; };
		566A20FC1C58A54F00C5A218 /* DatabaseValueConvertible.swift */ = {isa = PBXFileReference; fileEncoding = 4; lastKnownFileType = sourcecode.swift; path = DatabaseValueConvertible.swift; sourceTree = "<group>"; };
		566A20FD1C58A54F00C5A218 /* Persistable.swift */ = {isa = PBXFileReference; fileEncoding = 4; lastKnownFileType = sourcecode.swift; path = Persistable.swift; sourceTree = "<group>"; };
		566A20FE1C58A54F00C5A218 /* RowConvertible.swift */ = {isa = PBXFileReference; fileEncoding = 4; lastKnownFileType = sourcecode.swift; path = RowConvertible.swift; sourceTree = "<group>"; };
		566A20FF1C58A54F00C5A218 /* SQLiteStatementConvertible.swift */ = {isa = PBXFileReference; fileEncoding = 4; lastKnownFileType = sourcecode.swift; path = SQLiteStatementConvertible.swift; sourceTree = "<group>"; };
		566A21001C58A54F00C5A218 /* TableMapping.swift */ = {isa = PBXFileReference; fileEncoding = 4; lastKnownFileType = sourcecode.swift; path = TableMapping.swift; sourceTree = "<group>"; };
		566A21011C58A54F00C5A218 /* Row.swift */ = {isa = PBXFileReference; fileEncoding = 4; lastKnownFileType = sourcecode.swift; path = Row.swift; sourceTree = "<group>"; };
		566A21021C58A54F00C5A218 /* Statement.swift */ = {isa = PBXFileReference; fileEncoding = 4; lastKnownFileType = sourcecode.swift; path = Statement.swift; sourceTree = "<group>"; };
		566A21031C58A54F00C5A218 /* Utils.swift */ = {isa = PBXFileReference; fileEncoding = 4; lastKnownFileType = sourcecode.swift; path = Utils.swift; sourceTree = "<group>"; };
		566A21051C58A54F00C5A218 /* CGFloat.swift */ = {isa = PBXFileReference; fileEncoding = 4; lastKnownFileType = sourcecode.swift; path = CGFloat.swift; sourceTree = "<group>"; };
		566A21071C58A54F00C5A218 /* FetchRequest.swift */ = {isa = PBXFileReference; fileEncoding = 4; lastKnownFileType = sourcecode.swift; path = FetchRequest.swift; sourceTree = "<group>"; };
		566A21091C58A54F00C5A218 /* Collation.swift */ = {isa = PBXFileReference; fileEncoding = 4; lastKnownFileType = sourcecode.swift; path = Collation.swift; sourceTree = "<group>"; };
		566A210A1C58A54F00C5A218 /* Function.swift */ = {isa = PBXFileReference; fileEncoding = 4; lastKnownFileType = sourcecode.swift; path = Function.swift; sourceTree = "<group>"; };
		566A210B1C58A54F00C5A218 /* Operator.swift */ = {isa = PBXFileReference; fileEncoding = 4; lastKnownFileType = sourcecode.swift; path = Operator.swift; sourceTree = "<group>"; };
		566A210C1C58A54F00C5A218 /* SQLQuery.swift */ = {isa = PBXFileReference; fileEncoding = 4; lastKnownFileType = sourcecode.swift; path = SQLQuery.swift; sourceTree = "<group>"; };
		566A210E1C58A54F00C5A218 /* DatabaseCoder.swift */ = {isa = PBXFileReference; fileEncoding = 4; lastKnownFileType = sourcecode.swift; path = DatabaseCoder.swift; sourceTree = "<group>"; };
		566A210F1C58A54F00C5A218 /* DatabaseDateComponents.swift */ = {isa = PBXFileReference; fileEncoding = 4; lastKnownFileType = sourcecode.swift; path = DatabaseDateComponents.swift; sourceTree = "<group>"; };
		566A21101C58A54F00C5A218 /* DatabaseValue+Foundation.swift */ = {isa = PBXFileReference; fileEncoding = 4; lastKnownFileType = sourcecode.swift; path = "DatabaseValue+Foundation.swift"; sourceTree = "<group>"; };
		566A21111C58A54F00C5A218 /* NSData.swift */ = {isa = PBXFileReference; fileEncoding = 4; lastKnownFileType = sourcecode.swift; path = NSData.swift; sourceTree = "<group>"; };
		566A21121C58A54F00C5A218 /* NSDate.swift */ = {isa = PBXFileReference; fileEncoding = 4; lastKnownFileType = sourcecode.swift; path = NSDate.swift; sourceTree = "<group>"; };
		566A21131C58A54F00C5A218 /* NSNull.swift */ = {isa = PBXFileReference; fileEncoding = 4; lastKnownFileType = sourcecode.swift; path = NSNull.swift; sourceTree = "<group>"; };
		566A21141C58A54F00C5A218 /* NSNumber.swift */ = {isa = PBXFileReference; fileEncoding = 4; lastKnownFileType = sourcecode.swift; path = NSNumber.swift; sourceTree = "<group>"; };
		566A21151C58A54F00C5A218 /* NSString.swift */ = {isa = PBXFileReference; fileEncoding = 4; lastKnownFileType = sourcecode.swift; path = NSString.swift; sourceTree = "<group>"; };
		566A21161C58A54F00C5A218 /* NSURL.swift */ = {isa = PBXFileReference; fileEncoding = 4; lastKnownFileType = sourcecode.swift; path = NSURL.swift; sourceTree = "<group>"; };
		566A21171C58A54F00C5A218 /* Row+Foundation.swift */ = {isa = PBXFileReference; fileEncoding = 4; lastKnownFileType = sourcecode.swift; path = "Row+Foundation.swift"; sourceTree = "<group>"; };
		566A21181C58A54F00C5A218 /* StatementArguments+Foundation.swift */ = {isa = PBXFileReference; fileEncoding = 4; lastKnownFileType = sourcecode.swift; path = "StatementArguments+Foundation.swift"; sourceTree = "<group>"; };
		566A211E1C58A54F00C5A218 /* DatabaseMigrator.swift */ = {isa = PBXFileReference; fileEncoding = 4; lastKnownFileType = sourcecode.swift; path = DatabaseMigrator.swift; sourceTree = "<group>"; };
		566A211F1C58A54F00C5A218 /* Migration.swift */ = {isa = PBXFileReference; fileEncoding = 4; lastKnownFileType = sourcecode.swift; path = Migration.swift; sourceTree = "<group>"; };
		566A21231C58A54F00C5A218 /* Record.swift */ = {isa = PBXFileReference; fileEncoding = 4; lastKnownFileType = sourcecode.swift; path = Record.swift; sourceTree = "<group>"; };
		566A21251C58A54F00C5A218 /* RawRepresentable.swift */ = {isa = PBXFileReference; fileEncoding = 4; lastKnownFileType = sourcecode.swift; path = RawRepresentable.swift; sourceTree = "<group>"; };
		566A21261C58A54F00C5A218 /* StandardLibraryTypes.swift */ = {isa = PBXFileReference; fileEncoding = 4; lastKnownFileType = sourcecode.swift; path = StandardLibraryTypes.swift; sourceTree = "<group>"; };
/* End PBXFileReference section */

/* Begin PBXFrameworksBuildPhase section */
		562FF98E1BCE8FA400759400 /* Frameworks */ = {
			isa = PBXFrameworksBuildPhase;
			buildActionMask = 2147483647;
			files = (
				562FF9EC1BCE903D00759400 /* libsqlite3.tbd in Frameworks */,
			);
			runOnlyForDeploymentPostprocessing = 0;
		};
/* End PBXFrameworksBuildPhase section */

/* Begin PBXGroup section */
		562FF9881BCE8FA400759400 = {
			isa = PBXGroup;
			children = (
				562FF9931BCE8FA400759400 /* GRDBDemoiOS7 */,
				562FF9921BCE8FA400759400 /* Products */,
			);
			sourceTree = "<group>";
		};
		562FF9921BCE8FA400759400 /* Products */ = {
			isa = PBXGroup;
			children = (
				562FF9911BCE8FA400759400 /* GRDBDemoiOS7.app */,
			);
			name = Products;
			sourceTree = "<group>";
		};
		562FF9931BCE8FA400759400 /* GRDBDemoiOS7 */ = {
			isa = PBXGroup;
			children = (
				562FF9941BCE8FA400759400 /* AppDelegate.swift */,
				566A20F21C58A4B300C5A218 /* AppDatabase.swift */,
				562FF9F01BCE913900759400 /* Controllers */,
				562FF9F31BCE915B00759400 /* Models */,
				562FF9A61BCE8FB000759400 /* Resources */,
				562FF9ED1BCE904D00759400 /* Libraries */,
				562FF9A71BCE8FB600759400 /* Supporting Files */,
			);
			path = GRDBDemoiOS7;
			sourceTree = "<group>";
		};
		562FF9A61BCE8FB000759400 /* Resources */ = {
			isa = PBXGroup;
			children = (
				562FF9981BCE8FA400759400 /* Main.storyboard */,
				562FF99B1BCE8FA400759400 /* Assets.xcassets */,
				562FF99D1BCE8FA400759400 /* LaunchScreen.storyboard */,
			);
			name = Resources;
			sourceTree = "<group>";
		};
		562FF9A71BCE8FB600759400 /* Supporting Files */ = {
			isa = PBXGroup;
			children = (
				562FF9A01BCE8FA400759400 /* Info.plist */,
				562FF9F41BCE930C00759400 /* GRDBDemoiOS7-Bridging-Header.h */,
			);
			name = "Supporting Files";
			sourceTree = "<group>";
		};
		562FF9ED1BCE904D00759400 /* Libraries */ = {
			isa = PBXGroup;
			children = (
				562FF9EB1BCE903D00759400 /* libsqlite3.tbd */,
				566A20F41C58A54F00C5A218 /* GRDB */,
			);
			name = Libraries;
			sourceTree = "<group>";
		};
		562FF9F01BCE913900759400 /* Controllers */ = {
			isa = PBXGroup;
			children = (
				562FF9EE1BCE912C00759400 /* PersonEditionViewController.swift */,
				562FF9961BCE8FA400759400 /* PersonsViewController.swift */,
			);
			name = Controllers;
			sourceTree = "<group>";
		};
		562FF9F31BCE915B00759400 /* Models */ = {
			isa = PBXGroup;
			children = (
				562FF9F11BCE914E00759400 /* Person.swift */,
			);
			name = Models;
			sourceTree = "<group>";
		};
		566A20F41C58A54F00C5A218 /* GRDB */ = {
			isa = PBXGroup;
			children = (
				566A20F51C58A54F00C5A218 /* Core */,
				566A21041C58A54F00C5A218 /* CoreGraphics */,
				566A21061C58A54F00C5A218 /* FetchRequest */,
				566A210D1C58A54F00C5A218 /* Foundation */,
				566A211D1C58A54F00C5A218 /* Migrations */,
				566A21221C58A54F00C5A218 /* Record */,
				566A21241C58A54F00C5A218 /* Swift */,
			);
			name = GRDB;
			path = ../../../GRDB;
			sourceTree = "<group>";
		};
		566A20F51C58A54F00C5A218 /* Core */ = {
			isa = PBXGroup;
			children = (
				566A20F61C58A54F00C5A218 /* Configuration.swift */,
				566A20F71C58A54F00C5A218 /* Database.swift */,
				566A20F81C58A54F00C5A218 /* DatabaseError.swift */,
				566A20F91C58A54F00C5A218 /* DatabaseQueue.swift */,
				566A20FA1C58A54F00C5A218 /* DatabaseValue.swift */,
				566A20FB1C58A54F00C5A218 /* Protocols */,
				566A21011C58A54F00C5A218 /* Row.swift */,
				566A21021C58A54F00C5A218 /* Statement.swift */,
				566A21031C58A54F00C5A218 /* Utils.swift */,
			);
			path = Core;
			sourceTree = "<group>";
		};
		566A20FB1C58A54F00C5A218 /* Protocols */ = {
			isa = PBXGroup;
			children = (
				566A20FC1C58A54F00C5A218 /* DatabaseValueConvertible.swift */,
				566A20FD1C58A54F00C5A218 /* Persistable.swift */,
				566A20FE1C58A54F00C5A218 /* RowConvertible.swift */,
				566A20FF1C58A54F00C5A218 /* SQLiteStatementConvertible.swift */,
				566A21001C58A54F00C5A218 /* TableMapping.swift */,
			);
			path = Protocols;
			sourceTree = "<group>";
		};
		566A21041C58A54F00C5A218 /* CoreGraphics */ = {
			isa = PBXGroup;
			children = (
				566A21051C58A54F00C5A218 /* CGFloat.swift */,
			);
			path = CoreGraphics;
			sourceTree = "<group>";
		};
		566A21061C58A54F00C5A218 /* FetchRequest */ = {
			isa = PBXGroup;
			children = (
				566A21071C58A54F00C5A218 /* FetchRequest.swift */,
				566A21081C58A54F00C5A218 /* SQLSupport */,
			);
			path = FetchRequest;
			sourceTree = "<group>";
		};
		566A21081C58A54F00C5A218 /* SQLSupport */ = {
			isa = PBXGroup;
			children = (
				566A21091C58A54F00C5A218 /* Collation.swift */,
				566A210A1C58A54F00C5A218 /* Function.swift */,
				566A210B1C58A54F00C5A218 /* Operator.swift */,
				566A210C1C58A54F00C5A218 /* SQLQuery.swift */,
			);
			path = SQLSupport;
			sourceTree = "<group>";
		};
		566A210D1C58A54F00C5A218 /* Foundation */ = {
			isa = PBXGroup;
			children = (
				566A210E1C58A54F00C5A218 /* DatabaseCoder.swift */,
				566A210F1C58A54F00C5A218 /* DatabaseDateComponents.swift */,
				566A21101C58A54F00C5A218 /* DatabaseValue+Foundation.swift */,
				566A21111C58A54F00C5A218 /* NSData.swift */,
				566A21121C58A54F00C5A218 /* NSDate.swift */,
				566A21131C58A54F00C5A218 /* NSNull.swift */,
				566A21141C58A54F00C5A218 /* NSNumber.swift */,
				566A21151C58A54F00C5A218 /* NSString.swift */,
				566A21161C58A54F00C5A218 /* NSURL.swift */,
				566A21171C58A54F00C5A218 /* Row+Foundation.swift */,
				566A21181C58A54F00C5A218 /* StatementArguments+Foundation.swift */,
			);
			path = Foundation;
			sourceTree = "<group>";
		};
		566A211D1C58A54F00C5A218 /* Migrations */ = {
			isa = PBXGroup;
			children = (
				566A211E1C58A54F00C5A218 /* DatabaseMigrator.swift */,
				566A211F1C58A54F00C5A218 /* Migration.swift */,
			);
			path = Migrations;
			sourceTree = "<group>";
		};
		566A21221C58A54F00C5A218 /* Record */ = {
			isa = PBXGroup;
			children = (
				566A21231C58A54F00C5A218 /* Record.swift */,
			);
			path = Record;
			sourceTree = "<group>";
		};
		566A21241C58A54F00C5A218 /* Swift */ = {
			isa = PBXGroup;
			children = (
				566A21251C58A54F00C5A218 /* RawRepresentable.swift */,
				566A21261C58A54F00C5A218 /* StandardLibraryTypes.swift */,
			);
			path = Swift;
			sourceTree = "<group>";
		};
/* End PBXGroup section */

/* Begin PBXNativeTarget section */
		562FF9901BCE8FA400759400 /* GRDBDemoiOS7 */ = {
			isa = PBXNativeTarget;
			buildConfigurationList = 562FF9A31BCE8FA400759400 /* Build configuration list for PBXNativeTarget "GRDBDemoiOS7" */;
			buildPhases = (
				562FF98D1BCE8FA400759400 /* Sources */,
				562FF98E1BCE8FA400759400 /* Frameworks */,
				562FF98F1BCE8FA400759400 /* Resources */,
			);
			buildRules = (
			);
			dependencies = (
			);
			name = GRDBDemoiOS7;
			productName = GRDBDemoiOS7;
			productReference = 562FF9911BCE8FA400759400 /* GRDBDemoiOS7.app */;
			productType = "com.apple.product-type.application";
		};
/* End PBXNativeTarget section */

/* Begin PBXProject section */
		562FF9891BCE8FA400759400 /* Project object */ = {
			isa = PBXProject;
			attributes = {
				LastUpgradeCheck = 0700;
				ORGANIZATIONNAME = "Gwendal Roué";
				TargetAttributes = {
					562FF9901BCE8FA400759400 = {
						CreatedOnToolsVersion = 7.0;
					};
				};
			};
			buildConfigurationList = 562FF98C1BCE8FA400759400 /* Build configuration list for PBXProject "GRDBDemoiOS7" */;
			compatibilityVersion = "Xcode 3.2";
			developmentRegion = English;
			hasScannedForEncodings = 0;
			knownRegions = (
				en,
				Base,
			);
			mainGroup = 562FF9881BCE8FA400759400;
			productRefGroup = 562FF9921BCE8FA400759400 /* Products */;
			projectDirPath = "";
			projectRoot = "";
			targets = (
				562FF9901BCE8FA400759400 /* GRDBDemoiOS7 */,
			);
		};
/* End PBXProject section */

/* Begin PBXResourcesBuildPhase section */
		562FF98F1BCE8FA400759400 /* Resources */ = {
			isa = PBXResourcesBuildPhase;
			buildActionMask = 2147483647;
			files = (
				562FF99F1BCE8FA400759400 /* LaunchScreen.storyboard in Resources */,
				562FF99C1BCE8FA400759400 /* Assets.xcassets in Resources */,
				562FF99A1BCE8FA400759400 /* Main.storyboard in Resources */,
			);
			runOnlyForDeploymentPostprocessing = 0;
		};
/* End PBXResourcesBuildPhase section */

/* Begin PBXSourcesBuildPhase section */
		562FF98D1BCE8FA400759400 /* Sources */ = {
			isa = PBXSourcesBuildPhase;
			buildActionMask = 2147483647;
			files = (
				566A21381C58A54F00C5A218 /* Operator.swift in Sources */,
				566A21411C58A54F00C5A218 /* NSString.swift in Sources */,
				566A21401C58A54F00C5A218 /* NSNumber.swift in Sources */,
				566A21351C58A54F00C5A218 /* FetchRequest.swift in Sources */,
				566A21271C58A54F00C5A218 /* Configuration.swift in Sources */,
				562FF9EF1BCE912C00759400 /* PersonEditionViewController.swift in Sources */,
				562FF9971BCE8FA400759400 /* PersonsViewController.swift in Sources */,
				566A214B1C58A54F00C5A218 /* RawRepresentable.swift in Sources */,
				562FF9F21BCE914E00759400 /* Person.swift in Sources */,
				566A212B1C58A54F00C5A218 /* DatabaseValue.swift in Sources */,
				562FF9951BCE8FA400759400 /* AppDelegate.swift in Sources */,
				566A213C1C58A54F00C5A218 /* DatabaseValue+Foundation.swift in Sources */,
				566A212D1C58A54F00C5A218 /* Persistable.swift in Sources */,
				566A21421C58A54F00C5A218 /* NSURL.swift in Sources */,
				566A21441C58A54F00C5A218 /* StatementArguments+Foundation.swift in Sources */,
				566A212E1C58A54F00C5A218 /* RowConvertible.swift in Sources */,
				566A21481C58A54F00C5A218 /* Migration.swift in Sources */,
				566A21291C58A54F00C5A218 /* DatabaseError.swift in Sources */,
				566A21281C58A54F00C5A218 /* Database.swift in Sources */,
				566A212C1C58A54F00C5A218 /* DatabaseValueConvertible.swift in Sources */,
				566A21331C58A54F00C5A218 /* Utils.swift in Sources */,
				566A214A1C58A54F00C5A218 /* Record.swift in Sources */,
				566A21321C58A54F00C5A218 /* Statement.swift in Sources */,
				566A21391C58A54F00C5A218 /* SQLQuery.swift in Sources */,
				566A21301C58A54F00C5A218 /* TableMapping.swift in Sources */,
				566A21431C58A54F00C5A218 /* Row+Foundation.swift in Sources */,
				566A214C1C58A54F00C5A218 /* StandardLibraryTypes.swift in Sources */,
				566A21341C58A54F00C5A218 /* CGFloat.swift in Sources */,
				566A21361C58A54F00C5A218 /* Collation.swift in Sources */,
				566A21311C58A54F00C5A218 /* Row.swift in Sources */,
				566A212A1C58A54F00C5A218 /* DatabaseQueue.swift in Sources */,
				566A213E1C58A54F00C5A218 /* NSDate.swift in Sources */,
				566A212F1C58A54F00C5A218 /* SQLiteStatementConvertible.swift in Sources */,
				566A20F31C58A4B300C5A218 /* AppDatabase.swift in Sources */,
				566A213F1C58A54F00C5A218 /* NSNull.swift in Sources */,
				566A213A1C58A54F00C5A218 /* DatabaseCoder.swift in Sources */,
				566A213B1C58A54F00C5A218 /* DatabaseDateComponents.swift in Sources */,
				566A213D1C58A54F00C5A218 /* NSData.swift in Sources */,
				566A21371C58A54F00C5A218 /* Function.swift in Sources */,
				566A21471C58A54F00C5A218 /* DatabaseMigrator.swift in Sources */,
			);
			runOnlyForDeploymentPostprocessing = 0;
		};
/* End PBXSourcesBuildPhase section */

/* Begin PBXVariantGroup section */
		562FF9981BCE8FA400759400 /* Main.storyboard */ = {
			isa = PBXVariantGroup;
			children = (
				562FF9991BCE8FA400759400 /* Base */,
			);
			name = Main.storyboard;
			sourceTree = "<group>";
		};
		562FF99D1BCE8FA400759400 /* LaunchScreen.storyboard */ = {
			isa = PBXVariantGroup;
			children = (
				562FF99E1BCE8FA400759400 /* Base */,
			);
			name = LaunchScreen.storyboard;
			sourceTree = "<group>";
		};
/* End PBXVariantGroup section */

/* Begin XCBuildConfiguration section */
		562FF9A11BCE8FA400759400 /* Debug */ = {
			isa = XCBuildConfiguration;
			buildSettings = {
				ALWAYS_SEARCH_USER_PATHS = NO;
				CLANG_CXX_LANGUAGE_STANDARD = "gnu++0x";
				CLANG_CXX_LIBRARY = "libc++";
				CLANG_ENABLE_MODULES = YES;
				CLANG_ENABLE_OBJC_ARC = YES;
				CLANG_WARN_BOOL_CONVERSION = YES;
				CLANG_WARN_CONSTANT_CONVERSION = YES;
				CLANG_WARN_DIRECT_OBJC_ISA_USAGE = YES_ERROR;
				CLANG_WARN_EMPTY_BODY = YES;
				CLANG_WARN_ENUM_CONVERSION = YES;
				CLANG_WARN_INT_CONVERSION = YES;
				CLANG_WARN_OBJC_ROOT_CLASS = YES_ERROR;
				CLANG_WARN_UNREACHABLE_CODE = YES;
				CLANG_WARN__DUPLICATE_METHOD_MATCH = YES;
				"CODE_SIGN_IDENTITY[sdk=iphoneos*]" = "iPhone Developer";
				COPY_PHASE_STRIP = NO;
				DEBUG_INFORMATION_FORMAT = dwarf;
				ENABLE_STRICT_OBJC_MSGSEND = YES;
				ENABLE_TESTABILITY = YES;
				GCC_C_LANGUAGE_STANDARD = gnu99;
				GCC_DYNAMIC_NO_PIC = NO;
				GCC_NO_COMMON_BLOCKS = YES;
				GCC_OPTIMIZATION_LEVEL = 0;
				GCC_PREPROCESSOR_DEFINITIONS = (
					"DEBUG=1",
					"$(inherited)",
				);
				GCC_WARN_64_TO_32_BIT_CONVERSION = YES;
				GCC_WARN_ABOUT_RETURN_TYPE = YES_ERROR;
				GCC_WARN_UNDECLARED_SELECTOR = YES;
				GCC_WARN_UNINITIALIZED_AUTOS = YES_AGGRESSIVE;
				GCC_WARN_UNUSED_FUNCTION = YES;
				GCC_WARN_UNUSED_VARIABLE = YES;
				IPHONEOS_DEPLOYMENT_TARGET = 9.0;
				MTL_ENABLE_DEBUG_INFO = YES;
				ONLY_ACTIVE_ARCH = YES;
				SDKROOT = iphoneos;
				SWIFT_OPTIMIZATION_LEVEL = "-Onone";
			};
			name = Debug;
		};
		562FF9A21BCE8FA400759400 /* Release */ = {
			isa = XCBuildConfiguration;
			buildSettings = {
				ALWAYS_SEARCH_USER_PATHS = NO;
				CLANG_CXX_LANGUAGE_STANDARD = "gnu++0x";
				CLANG_CXX_LIBRARY = "libc++";
				CLANG_ENABLE_MODULES = YES;
				CLANG_ENABLE_OBJC_ARC = YES;
				CLANG_WARN_BOOL_CONVERSION = YES;
				CLANG_WARN_CONSTANT_CONVERSION = YES;
				CLANG_WARN_DIRECT_OBJC_ISA_USAGE = YES_ERROR;
				CLANG_WARN_EMPTY_BODY = YES;
				CLANG_WARN_ENUM_CONVERSION = YES;
				CLANG_WARN_INT_CONVERSION = YES;
				CLANG_WARN_OBJC_ROOT_CLASS = YES_ERROR;
				CLANG_WARN_UNREACHABLE_CODE = YES;
				CLANG_WARN__DUPLICATE_METHOD_MATCH = YES;
				"CODE_SIGN_IDENTITY[sdk=iphoneos*]" = "iPhone Developer";
				COPY_PHASE_STRIP = NO;
				DEBUG_INFORMATION_FORMAT = "dwarf-with-dsym";
				ENABLE_NS_ASSERTIONS = NO;
				ENABLE_STRICT_OBJC_MSGSEND = YES;
				GCC_C_LANGUAGE_STANDARD = gnu99;
				GCC_NO_COMMON_BLOCKS = YES;
				GCC_WARN_64_TO_32_BIT_CONVERSION = YES;
				GCC_WARN_ABOUT_RETURN_TYPE = YES_ERROR;
				GCC_WARN_UNDECLARED_SELECTOR = YES;
				GCC_WARN_UNINITIALIZED_AUTOS = YES_AGGRESSIVE;
				GCC_WARN_UNUSED_FUNCTION = YES;
				GCC_WARN_UNUSED_VARIABLE = YES;
				IPHONEOS_DEPLOYMENT_TARGET = 9.0;
				MTL_ENABLE_DEBUG_INFO = NO;
				SDKROOT = iphoneos;
				VALIDATE_PRODUCT = YES;
			};
			name = Release;
		};
		562FF9A41BCE8FA400759400 /* Debug */ = {
			isa = XCBuildConfiguration;
			buildSettings = {
				ASSETCATALOG_COMPILER_APPICON_NAME = AppIcon;
				INFOPLIST_FILE = GRDBDemoiOS7/Info.plist;
				IPHONEOS_DEPLOYMENT_TARGET = 7.0;
				LD_RUNPATH_SEARCH_PATHS = "$(inherited) @executable_path/Frameworks";
				PRODUCT_BUNDLE_IDENTIFIER = com.github.groue.GRDBDemoiOS7;
				PRODUCT_NAME = "$(TARGET_NAME)";
				SWIFT_OBJC_BRIDGING_HEADER = "GRDBDemoiOS7/GRDBDemoiOS7-Bridging-Header.h";
			};
			name = Debug;
		};
		562FF9A51BCE8FA400759400 /* Release */ = {
			isa = XCBuildConfiguration;
			buildSettings = {
				ASSETCATALOG_COMPILER_APPICON_NAME = AppIcon;
				INFOPLIST_FILE = GRDBDemoiOS7/Info.plist;
				IPHONEOS_DEPLOYMENT_TARGET = 7.0;
				LD_RUNPATH_SEARCH_PATHS = "$(inherited) @executable_path/Frameworks";
				PRODUCT_BUNDLE_IDENTIFIER = com.github.groue.GRDBDemoiOS7;
				PRODUCT_NAME = "$(TARGET_NAME)";
				SWIFT_OBJC_BRIDGING_HEADER = "GRDBDemoiOS7/GRDBDemoiOS7-Bridging-Header.h";
			};
			name = Release;
		};
/* End XCBuildConfiguration section */

/* Begin XCConfigurationList section */
		562FF98C1BCE8FA400759400 /* Build configuration list for PBXProject "GRDBDemoiOS7" */ = {
			isa = XCConfigurationList;
			buildConfigurations = (
				562FF9A11BCE8FA400759400 /* Debug */,
				562FF9A21BCE8FA400759400 /* Release */,
			);
			defaultConfigurationIsVisible = 0;
			defaultConfigurationName = Release;
		};
		562FF9A31BCE8FA400759400 /* Build configuration list for PBXNativeTarget "GRDBDemoiOS7" */ = {
			isa = XCConfigurationList;
			buildConfigurations = (
				562FF9A41BCE8FA400759400 /* Debug */,
				562FF9A51BCE8FA400759400 /* Release */,
			);
			defaultConfigurationIsVisible = 0;
			defaultConfigurationName = Release;
		};
/* End XCConfigurationList section */
	};
	rootObject = 562FF9891BCE8FA400759400 /* Project object */;
}
