// !$*UTF8*$!
{
	archiveVersion = 1;
	classes = {
	};
	objectVersion = 46;
	objects = {

/* Begin PBXBuildFile section */
		561E8D251BB12783000EFBBA /* ProfilingDatabase.sqlite in Resources */ = {isa = PBXBuildFile; fileRef = 561E8D241BB12783000EFBBA /* ProfilingDatabase.sqlite */; };
		564C5B4E1F48936B00176870 /* GRDB.framework in Frameworks */ = {isa = PBXBuildFile; fileRef = 564C5B4D1F48936B00176870 /* GRDB.framework */; };
		564C5B4F1F48936B00176870 /* GRDB.framework in Embed Frameworks */ = {isa = PBXBuildFile; fileRef = 564C5B4D1F48936B00176870 /* GRDB.framework */; settings = {ATTRIBUTES = (CodeSignOnCopy, RemoveHeadersOnCopy, ); }; };
		56537C761BA8871A00E87787 /* AppDelegate.swift in Sources */ = {isa = PBXBuildFile; fileRef = 56537C751BA8871A00E87787 /* AppDelegate.swift */; };
		56537C781BA8871A00E87787 /* ViewController.swift in Sources */ = {isa = PBXBuildFile; fileRef = 56537C771BA8871A00E87787 /* ViewController.swift */; };
		56537C7A1BA8871A00E87787 /* Assets.xcassets in Resources */ = {isa = PBXBuildFile; fileRef = 56537C791BA8871A00E87787 /* Assets.xcassets */; };
		56537C7D1BA8871A00E87787 /* Main.storyboard in Resources */ = {isa = PBXBuildFile; fileRef = 56537C7B1BA8871A00E87787 /* Main.storyboard */; };
/* End PBXBuildFile section */

/* Begin PBXContainerItemProxy section */
		564C5B671F489B8A00176870 /* PBXContainerItemProxy */ = {
			isa = PBXContainerItemProxy;
			containerPortal = 56537C841BA8874F00E87787 /* GRDB.xcodeproj */;
			proxyType = 2;
			remoteGlobalIDString = DC3773F319C8CBB3004FCF85;
			remoteInfo = GRDBOSX;
		};
		564C5B691F489B8A00176870 /* PBXContainerItemProxy */ = {
			isa = PBXContainerItemProxy;
			containerPortal = 56537C841BA8874F00E87787 /* GRDB.xcodeproj */;
			proxyType = 2;
			remoteGlobalIDString = 56E5D7F91B4D422D00430942;
			remoteInfo = GRDBOSXTests;
		};
		564C5B6D1F489B8A00176870 /* PBXContainerItemProxy */ = {
			isa = PBXContainerItemProxy;
			containerPortal = 56537C841BA8874F00E87787 /* GRDB.xcodeproj */;
			proxyType = 2;
			remoteGlobalIDString = 56553C181C3E906C00522B5C;
			remoteInfo = GRDBOSXCrashTests;
		};
		564C5B791F489B8A00176870 /* PBXContainerItemProxy */ = {
			isa = PBXContainerItemProxy;
			containerPortal = 56537C841BA8874F00E87787 /* GRDB.xcodeproj */;
			proxyType = 2;
			remoteGlobalIDString = 56E5D7CA1B4D3FED00430942;
			remoteInfo = GRDBiOS;
		};
		564C5B7B1F489B8A00176870 /* PBXContainerItemProxy */ = {
			isa = PBXContainerItemProxy;
			containerPortal = 56537C841BA8874F00E87787 /* GRDB.xcodeproj */;
			proxyType = 2;
			remoteGlobalIDString = 56E5D7D31B4D3FEE00430942;
			remoteInfo = GRDBiOSTests;
		};
		564C5B871F489B8A00176870 /* PBXContainerItemProxy */ = {
			isa = PBXContainerItemProxy;
			containerPortal = 56537C841BA8874F00E87787 /* GRDB.xcodeproj */;
			proxyType = 2;
			remoteGlobalIDString = 565490A01D5A4798005622CB;
			remoteInfo = GRDBWatchOS;
		};
		5679871623A5538A0076902D /* PBXContainerItemProxy */ = {
			isa = PBXContainerItemProxy;
			containerPortal = 56537C841BA8874F00E87787 /* GRDB.xcodeproj */;
			proxyType = 2;
			remoteGlobalIDString = AAA4DCFE230F1E0600C74B15;
			remoteInfo = GRDBtvOS;
		};
		5679871823A5538A0076902D /* PBXContainerItemProxy */ = {
			isa = PBXContainerItemProxy;
			containerPortal = 56537C841BA8874F00E87787 /* GRDB.xcodeproj */;
			proxyType = 2;
			remoteGlobalIDString = AAA4DDD4230F262000C74B15;
			remoteInfo = GRDBtvOSTests;
		};
/* End PBXContainerItemProxy section */

/* Begin PBXCopyFilesBuildPhase section */
		564C5B501F48936B00176870 /* Embed Frameworks */ = {
			isa = PBXCopyFilesBuildPhase;
			buildActionMask = 2147483647;
			dstPath = "";
			dstSubfolderSpec = 10;
			files = (
				564C5B4F1F48936B00176870 /* GRDB.framework in Embed Frameworks */,
			);
			name = "Embed Frameworks";
			runOnlyForDeploymentPostprocessing = 0;
		};
/* End PBXCopyFilesBuildPhase section */

/* Begin PBXFileReference section */
		561E8D241BB12783000EFBBA /* ProfilingDatabase.sqlite */ = {isa = PBXFileReference; lastKnownFileType = file; path = ProfilingDatabase.sqlite; sourceTree = "<group>"; };
		564C5B4D1F48936B00176870 /* GRDB.framework */ = {isa = PBXFileReference; explicitFileType = wrapper.framework; path = GRDB.framework; sourceTree = BUILT_PRODUCTS_DIR; };
		56537C721BA8871A00E87787 /* GRDBProfiling.app */ = {isa = PBXFileReference; explicitFileType = wrapper.application; includeInIndex = 0; path = GRDBProfiling.app; sourceTree = BUILT_PRODUCTS_DIR; };
		56537C751BA8871A00E87787 /* AppDelegate.swift */ = {isa = PBXFileReference; lastKnownFileType = sourcecode.swift; path = AppDelegate.swift; sourceTree = "<group>"; };
		56537C771BA8871A00E87787 /* ViewController.swift */ = {isa = PBXFileReference; lastKnownFileType = sourcecode.swift; path = ViewController.swift; sourceTree = "<group>"; };
		56537C791BA8871A00E87787 /* Assets.xcassets */ = {isa = PBXFileReference; lastKnownFileType = folder.assetcatalog; path = Assets.xcassets; sourceTree = "<group>"; };
		56537C7C1BA8871A00E87787 /* Base */ = {isa = PBXFileReference; lastKnownFileType = file.storyboard; name = Base; path = Base.lproj/Main.storyboard; sourceTree = "<group>"; };
		56537C7E1BA8871A00E87787 /* Info.plist */ = {isa = PBXFileReference; lastKnownFileType = text.plist.xml; path = Info.plist; sourceTree = "<group>"; };
		56537C841BA8874F00E87787 /* GRDB.xcodeproj */ = {isa = PBXFileReference; lastKnownFileType = "wrapper.pb-project"; name = GRDB.xcodeproj; path = ../../../GRDB.xcodeproj; sourceTree = "<group>"; };
/* End PBXFileReference section */

/* Begin PBXFrameworksBuildPhase section */
		56537C6F1BA8871A00E87787 /* Frameworks */ = {
			isa = PBXFrameworksBuildPhase;
			buildActionMask = 2147483647;
			files = (
				564C5B4E1F48936B00176870 /* GRDB.framework in Frameworks */,
			);
			runOnlyForDeploymentPostprocessing = 0;
		};
/* End PBXFrameworksBuildPhase section */

/* Begin PBXGroup section */
		564C5B541F489B8A00176870 /* Products */ = {
			isa = PBXGroup;
			children = (
				564C5B681F489B8A00176870 /* GRDB.framework */,
				564C5B6A1F489B8A00176870 /* GRDBOSXTests.xctest */,
				564C5B6E1F489B8A00176870 /* GRDBOSXCrashTests.xctest */,
				564C5B7A1F489B8A00176870 /* GRDB.framework */,
				564C5B7C1F489B8A00176870 /* GRDBiOSTests.xctest */,
				564C5B881F489B8A00176870 /* GRDB.framework */,
				5679871723A5538A0076902D /* GRDB.framework */,
				5679871923A5538A0076902D /* GRDBtvOSTests.xctest */,
			);
			name = Products;
			sourceTree = "<group>";
		};
		56537C691BA8871A00E87787 = {
			isa = PBXGroup;
			children = (
				56537C841BA8874F00E87787 /* GRDB.xcodeproj */,
				56537C741BA8871A00E87787 /* GRDBProfiling */,
				56537C731BA8871A00E87787 /* Products */,
				564C5B4D1F48936B00176870 /* GRDB.framework */,
			);
			sourceTree = "<group>";
		};
		56537C731BA8871A00E87787 /* Products */ = {
			isa = PBXGroup;
			children = (
				56537C721BA8871A00E87787 /* GRDBProfiling.app */,
			);
			name = Products;
			sourceTree = "<group>";
		};
		56537C741BA8871A00E87787 /* GRDBProfiling */ = {
			isa = PBXGroup;
			children = (
				56537C751BA8871A00E87787 /* AppDelegate.swift */,
				56537C771BA8871A00E87787 /* ViewController.swift */,
				561E8D241BB12783000EFBBA /* ProfilingDatabase.sqlite */,
				56537C791BA8871A00E87787 /* Assets.xcassets */,
				56537C7B1BA8871A00E87787 /* Main.storyboard */,
				56537C7E1BA8871A00E87787 /* Info.plist */,
			);
			path = GRDBProfiling;
			sourceTree = "<group>";
		};
/* End PBXGroup section */

/* Begin PBXNativeTarget section */
		56537C711BA8871A00E87787 /* GRDBProfiling */ = {
			isa = PBXNativeTarget;
			buildConfigurationList = 56537C811BA8871A00E87787 /* Build configuration list for PBXNativeTarget "GRDBProfiling" */;
			buildPhases = (
				56537C6E1BA8871A00E87787 /* Sources */,
				56537C6F1BA8871A00E87787 /* Frameworks */,
				56537C701BA8871A00E87787 /* Resources */,
				564C5B501F48936B00176870 /* Embed Frameworks */,
			);
			buildRules = (
			);
			dependencies = (
			);
			name = GRDBProfiling;
			productName = GRDBProfiling;
			productReference = 56537C721BA8871A00E87787 /* GRDBProfiling.app */;
			productType = "com.apple.product-type.application";
		};
/* End PBXNativeTarget section */

/* Begin PBXProject section */
		56537C6A1BA8871A00E87787 /* Project object */ = {
			isa = PBXProject;
			attributes = {
				LastUpgradeCheck = 1130;
				ORGANIZATIONNAME = "Gwendal Roué";
				TargetAttributes = {
					56537C711BA8871A00E87787 = {
						CreatedOnToolsVersion = 7.0;
						LastSwiftMigration = 0800;
					};
				};
			};
			buildConfigurationList = 56537C6D1BA8871A00E87787 /* Build configuration list for PBXProject "GRDBProfiling" */;
			compatibilityVersion = "Xcode 3.2";
			developmentRegion = en;
			hasScannedForEncodings = 0;
			knownRegions = (
				en,
				Base,
			);
			mainGroup = 56537C691BA8871A00E87787;
			productRefGroup = 56537C731BA8871A00E87787 /* Products */;
			projectDirPath = "";
			projectReferences = (
				{
					ProductGroup = 564C5B541F489B8A00176870 /* Products */;
					ProjectRef = 56537C841BA8874F00E87787 /* GRDB.xcodeproj */;
				},
			);
			projectRoot = "";
			targets = (
				56537C711BA8871A00E87787 /* GRDBProfiling */,
			);
		};
/* End PBXProject section */

/* Begin PBXReferenceProxy section */
		564C5B681F489B8A00176870 /* GRDB.framework */ = {
			isa = PBXReferenceProxy;
			fileType = wrapper.framework;
			path = GRDB.framework;
			remoteRef = 564C5B671F489B8A00176870 /* PBXContainerItemProxy */;
			sourceTree = BUILT_PRODUCTS_DIR;
		};
		564C5B6A1F489B8A00176870 /* GRDBOSXTests.xctest */ = {
			isa = PBXReferenceProxy;
			fileType = wrapper.cfbundle;
			path = GRDBOSXTests.xctest;
			remoteRef = 564C5B691F489B8A00176870 /* PBXContainerItemProxy */;
			sourceTree = BUILT_PRODUCTS_DIR;
		};
		564C5B6E1F489B8A00176870 /* GRDBOSXCrashTests.xctest */ = {
			isa = PBXReferenceProxy;
			fileType = wrapper.cfbundle;
			path = GRDBOSXCrashTests.xctest;
			remoteRef = 564C5B6D1F489B8A00176870 /* PBXContainerItemProxy */;
			sourceTree = BUILT_PRODUCTS_DIR;
		};
		564C5B7A1F489B8A00176870 /* GRDB.framework */ = {
			isa = PBXReferenceProxy;
			fileType = wrapper.framework;
			path = GRDB.framework;
			remoteRef = 564C5B791F489B8A00176870 /* PBXContainerItemProxy */;
			sourceTree = BUILT_PRODUCTS_DIR;
		};
		564C5B7C1F489B8A00176870 /* GRDBiOSTests.xctest */ = {
			isa = PBXReferenceProxy;
			fileType = wrapper.cfbundle;
			path = GRDBiOSTests.xctest;
			remoteRef = 564C5B7B1F489B8A00176870 /* PBXContainerItemProxy */;
			sourceTree = BUILT_PRODUCTS_DIR;
		};
		564C5B881F489B8A00176870 /* GRDB.framework */ = {
			isa = PBXReferenceProxy;
			fileType = wrapper.framework;
			path = GRDB.framework;
			remoteRef = 564C5B871F489B8A00176870 /* PBXContainerItemProxy */;
			sourceTree = BUILT_PRODUCTS_DIR;
		};
		5679871723A5538A0076902D /* GRDB.framework */ = {
			isa = PBXReferenceProxy;
			fileType = wrapper.framework;
			path = GRDB.framework;
			remoteRef = 5679871623A5538A0076902D /* PBXContainerItemProxy */;
			sourceTree = BUILT_PRODUCTS_DIR;
		};
		5679871923A5538A0076902D /* GRDBtvOSTests.xctest */ = {
			isa = PBXReferenceProxy;
			fileType = wrapper.cfbundle;
			path = GRDBtvOSTests.xctest;
			remoteRef = 5679871823A5538A0076902D /* PBXContainerItemProxy */;
			sourceTree = BUILT_PRODUCTS_DIR;
		};
/* End PBXReferenceProxy section */

/* Begin PBXResourcesBuildPhase section */
		56537C701BA8871A00E87787 /* Resources */ = {
			isa = PBXResourcesBuildPhase;
			buildActionMask = 2147483647;
			files = (
				561E8D251BB12783000EFBBA /* ProfilingDatabase.sqlite in Resources */,
				56537C7A1BA8871A00E87787 /* Assets.xcassets in Resources */,
				56537C7D1BA8871A00E87787 /* Main.storyboard in Resources */,
			);
			runOnlyForDeploymentPostprocessing = 0;
		};
/* End PBXResourcesBuildPhase section */

/* Begin PBXSourcesBuildPhase section */
		56537C6E1BA8871A00E87787 /* Sources */ = {
			isa = PBXSourcesBuildPhase;
			buildActionMask = 2147483647;
			files = (
				56537C781BA8871A00E87787 /* ViewController.swift in Sources */,
				56537C761BA8871A00E87787 /* AppDelegate.swift in Sources */,
			);
			runOnlyForDeploymentPostprocessing = 0;
		};
/* End PBXSourcesBuildPhase section */

/* Begin PBXVariantGroup section */
		56537C7B1BA8871A00E87787 /* Main.storyboard */ = {
			isa = PBXVariantGroup;
			children = (
				56537C7C1BA8871A00E87787 /* Base */,
			);
			name = Main.storyboard;
			sourceTree = "<group>";
		};
/* End PBXVariantGroup section */

/* Begin XCBuildConfiguration section */
		56537C7F1BA8871A00E87787 /* Debug */ = {
			isa = XCBuildConfiguration;
			buildSettings = {
				ALWAYS_SEARCH_USER_PATHS = NO;
				CLANG_ANALYZER_LOCALIZABILITY_NONLOCALIZED = YES;
				CLANG_CXX_LANGUAGE_STANDARD = "gnu++0x";
				CLANG_CXX_LIBRARY = "libc++";
				CLANG_ENABLE_MODULES = YES;
				CLANG_ENABLE_OBJC_ARC = YES;
				CLANG_WARN_BLOCK_CAPTURE_AUTORELEASING = YES;
				CLANG_WARN_BOOL_CONVERSION = YES;
				CLANG_WARN_COMMA = YES;
				CLANG_WARN_CONSTANT_CONVERSION = YES;
				CLANG_WARN_DEPRECATED_OBJC_IMPLEMENTATIONS = YES;
				CLANG_WARN_DIRECT_OBJC_ISA_USAGE = YES_ERROR;
				CLANG_WARN_EMPTY_BODY = YES;
				CLANG_WARN_ENUM_CONVERSION = YES;
				CLANG_WARN_INFINITE_RECURSION = YES;
				CLANG_WARN_INT_CONVERSION = YES;
				CLANG_WARN_NON_LITERAL_NULL_CONVERSION = YES;
				CLANG_WARN_OBJC_IMPLICIT_RETAIN_SELF = YES;
				CLANG_WARN_OBJC_LITERAL_CONVERSION = YES;
				CLANG_WARN_OBJC_ROOT_CLASS = YES_ERROR;
				CLANG_WARN_RANGE_LOOP_ANALYSIS = YES;
				CLANG_WARN_STRICT_PROTOTYPES = YES;
				CLANG_WARN_SUSPICIOUS_MOVE = YES;
				CLANG_WARN_UNREACHABLE_CODE = YES;
				CLANG_WARN__DUPLICATE_METHOD_MATCH = YES;
				CODE_SIGN_IDENTITY = "-";
				COPY_PHASE_STRIP = NO;
				DEBUG_INFORMATION_FORMAT = dwarf;
				ENABLE_STRICT_OBJC_MSGSEND = YES;
				ENABLE_TESTABILITY = YES;
				GCC_C_LANGUAGE_STANDARD = gnu99;
				GCC_DYNAMIC_NO_PIC = NO;
				GCC_NO_COMMON_BLOCKS = YES;
				GCC_OPTIMIZATION_LEVEL = 0;
				GCC_PREPROCESSOR_DEFINITIONS = (
					"DEBUG=1",
					"$(inherited)",
				);
				GCC_WARN_64_TO_32_BIT_CONVERSION = YES;
				GCC_WARN_ABOUT_RETURN_TYPE = YES_ERROR;
				GCC_WARN_UNDECLARED_SELECTOR = YES;
				GCC_WARN_UNINITIALIZED_AUTOS = YES_AGGRESSIVE;
				GCC_WARN_UNUSED_FUNCTION = YES;
				GCC_WARN_UNUSED_VARIABLE = YES;
				MACOSX_DEPLOYMENT_TARGET = 10.12;
				MTL_ENABLE_DEBUG_INFO = YES;
				ONLY_ACTIVE_ARCH = YES;
				SDKROOT = macosx;
				SWIFT_OPTIMIZATION_LEVEL = "-Onone";
				SWIFT_VERSION = 4.2;
			};
			name = Debug;
		};
		56537C801BA8871A00E87787 /* Release */ = {
			isa = XCBuildConfiguration;
			buildSettings = {
				ALWAYS_SEARCH_USER_PATHS = NO;
				CLANG_ANALYZER_LOCALIZABILITY_NONLOCALIZED = YES;
				CLANG_CXX_LANGUAGE_STANDARD = "gnu++0x";
				CLANG_CXX_LIBRARY = "libc++";
				CLANG_ENABLE_MODULES = YES;
				CLANG_ENABLE_OBJC_ARC = YES;
				CLANG_WARN_BLOCK_CAPTURE_AUTORELEASING = YES;
				CLANG_WARN_BOOL_CONVERSION = YES;
				CLANG_WARN_COMMA = YES;
				CLANG_WARN_CONSTANT_CONVERSION = YES;
				CLANG_WARN_DEPRECATED_OBJC_IMPLEMENTATIONS = YES;
				CLANG_WARN_DIRECT_OBJC_ISA_USAGE = YES_ERROR;
				CLANG_WARN_EMPTY_BODY = YES;
				CLANG_WARN_ENUM_CONVERSION = YES;
				CLANG_WARN_INFINITE_RECURSION = YES;
				CLANG_WARN_INT_CONVERSION = YES;
				CLANG_WARN_NON_LITERAL_NULL_CONVERSION = YES;
				CLANG_WARN_OBJC_IMPLICIT_RETAIN_SELF = YES;
				CLANG_WARN_OBJC_LITERAL_CONVERSION = YES;
				CLANG_WARN_OBJC_ROOT_CLASS = YES_ERROR;
				CLANG_WARN_RANGE_LOOP_ANALYSIS = YES;
				CLANG_WARN_STRICT_PROTOTYPES = YES;
				CLANG_WARN_SUSPICIOUS_MOVE = YES;
				CLANG_WARN_UNREACHABLE_CODE = YES;
				CLANG_WARN__DUPLICATE_METHOD_MATCH = YES;
				CODE_SIGN_IDENTITY = "-";
				COPY_PHASE_STRIP = NO;
				DEBUG_INFORMATION_FORMAT = "dwarf-with-dsym";
				ENABLE_NS_ASSERTIONS = NO;
				ENABLE_STRICT_OBJC_MSGSEND = YES;
				GCC_C_LANGUAGE_STANDARD = gnu99;
				GCC_NO_COMMON_BLOCKS = YES;
				GCC_WARN_64_TO_32_BIT_CONVERSION = YES;
				GCC_WARN_ABOUT_RETURN_TYPE = YES_ERROR;
				GCC_WARN_UNDECLARED_SELECTOR = YES;
				GCC_WARN_UNINITIALIZED_AUTOS = YES_AGGRESSIVE;
				GCC_WARN_UNUSED_FUNCTION = YES;
				GCC_WARN_UNUSED_VARIABLE = YES;
				MACOSX_DEPLOYMENT_TARGET = 10.12;
				MTL_ENABLE_DEBUG_INFO = NO;
				SDKROOT = macosx;
				SWIFT_VERSION = 4.2;
			};
			name = Release;
		};
		56537C821BA8871A00E87787 /* Debug */ = {
			isa = XCBuildConfiguration;
			buildSettings = {
				ASSETCATALOG_COMPILER_APPICON_NAME = AppIcon;
				CLANG_ENABLE_OBJC_WEAK = YES;
				CODE_SIGN_IDENTITY = "-";
				COMBINE_HIDPI_IMAGES = YES;
				INFOPLIST_FILE = GRDBProfiling/Info.plist;
				LD_RUNPATH_SEARCH_PATHS = "$(inherited) @executable_path/../Frameworks";
				PRODUCT_BUNDLE_IDENTIFIER = com.github.groue.GRDBProfiling;
				PRODUCT_NAME = "$(TARGET_NAME)";
			};
			name = Debug;
		};
		56537C831BA8871A00E87787 /* Release */ = {
			isa = XCBuildConfiguration;
			buildSettings = {
				ASSETCATALOG_COMPILER_APPICON_NAME = AppIcon;
				CLANG_ENABLE_OBJC_WEAK = YES;
				CODE_SIGN_IDENTITY = "-";
				COMBINE_HIDPI_IMAGES = YES;
				INFOPLIST_FILE = GRDBProfiling/Info.plist;
				LD_RUNPATH_SEARCH_PATHS = "$(inherited) @executable_path/../Frameworks";
				PRODUCT_BUNDLE_IDENTIFIER = com.github.groue.GRDBProfiling;
				PRODUCT_NAME = "$(TARGET_NAME)";
				SWIFT_COMPILATION_MODE = wholemodule;
				SWIFT_OPTIMIZATION_LEVEL = "-Owholemodule";
			};
			name = Release;
		};
/* End XCBuildConfiguration section */

/* Begin XCConfigurationList section */
		56537C6D1BA8871A00E87787 /* Build configuration list for PBXProject "GRDBProfiling" */ = {
			isa = XCConfigurationList;
			buildConfigurations = (
				56537C7F1BA8871A00E87787 /* Debug */,
				56537C801BA8871A00E87787 /* Release */,
			);
			defaultConfigurationIsVisible = 0;
			defaultConfigurationName = Release;
		};
		56537C811BA8871A00E87787 /* Build configuration list for PBXNativeTarget "GRDBProfiling" */ = {
			isa = XCConfigurationList;
			buildConfigurations = (
				56537C821BA8871A00E87787 /* Debug */,
				56537C831BA8871A00E87787 /* Release */,
			);
			defaultConfigurationIsVisible = 0;
			defaultConfigurationName = Release;
		};
/* End XCConfigurationList section */
	};
	rootObject = 56537C6A1BA8871A00E87787 /* Project object */;
}
