// !$*UTF8*$!
{
	archiveVersion = 1;
	classes = {
	};
	objectVersion = 46;
	objects = {

/* Begin PBXBuildFile section */
		5644E4041C1072A30090716E /* GRDB.framework in Frameworks */ = {isa = PBXBuildFile; fileRef = 5644E4031C1072A30090716E /* GRDB.framework */; };
		5644E4061C1072CA0090716E /* GRDB.framework in Embed Frameworks */ = {isa = PBXBuildFile; fileRef = 5644E4031C1072A30090716E /* GRDB.framework */; settings = {ATTRIBUTES = (CodeSignOnCopy, RemoveHeadersOnCopy, ); }; };
		567374431B4D46600089DE44 /* Main.storyboard in Resources */ = {isa = PBXBuildFile; fileRef = 567374411B4D46600089DE44 /* Main.storyboard */; };
		567374451B4D46600089DE44 /* Assets.xcassets in Resources */ = {isa = PBXBuildFile; fileRef = 567374441B4D46600089DE44 /* Assets.xcassets */; };
		567374481B4D46600089DE44 /* LaunchScreen.storyboard in Resources */ = {isa = PBXBuildFile; fileRef = 567374461B4D46600089DE44 /* LaunchScreen.storyboard */; };
		568E2B991CACE4ED00426E7B /* SimplePersonsViewController.swift in Sources */ = {isa = PBXBuildFile; fileRef = 568E2B981CACE4ED00426E7B /* SimplePersonsViewController.swift */; };
		56AEC9D91CAA985700452D96 /* AppDelegate.swift in Sources */ = {isa = PBXBuildFile; fileRef = 56AEC9D21CAA985700452D96 /* AppDelegate.swift */; };
		56AEC9DA1CAA985700452D96 /* Database.swift in Sources */ = {isa = PBXBuildFile; fileRef = 56AEC9D31CAA985700452D96 /* Database.swift */; };
		56AEC9DB1CAA985700452D96 /* DemoViewController.swift in Sources */ = {isa = PBXBuildFile; fileRef = 56AEC9D41CAA985700452D96 /* DemoViewController.swift */; };
		56AEC9DD1CAA985700452D96 /* Person.swift in Sources */ = {isa = PBXBuildFile; fileRef = 56AEC9D61CAA985700452D96 /* Person.swift */; };
		56AEC9DE1CAA985700452D96 /* PersonEditionViewController.swift in Sources */ = {isa = PBXBuildFile; fileRef = 56AEC9D71CAA985700452D96 /* PersonEditionViewController.swift */; };
		56AEC9DF1CAA985700452D96 /* PersonsViewController.swift in Sources */ = {isa = PBXBuildFile; fileRef = 56AEC9D81CAA985700452D96 /* PersonsViewController.swift */; };
/* End PBXBuildFile section */

/* Begin PBXCopyFilesBuildPhase section */
		5644E4071C1072CA0090716E /* Embed Frameworks */ = {
			isa = PBXCopyFilesBuildPhase;
			buildActionMask = 2147483647;
			dstPath = "";
			dstSubfolderSpec = 10;
			files = (
				5644E4061C1072CA0090716E /* GRDB.framework in Embed Frameworks */,
			);
			name = "Embed Frameworks";
			runOnlyForDeploymentPostprocessing = 0;
		};
/* End PBXCopyFilesBuildPhase section */

/* Begin PBXFileReference section */
		5644E4031C1072A30090716E /* GRDB.framework */ = {isa = PBXFileReference; lastKnownFileType = wrapper.framework; name = GRDB.framework; path = ../../../Carthage/Build/iOS/GRDB.framework; sourceTree = "<group>"; };
		567374381B4D46600089DE44 /* iOS.app */ = {isa = PBXFileReference; explicitFileType = wrapper.application; includeInIndex = 0; path = iOS.app; sourceTree = BUILT_PRODUCTS_DIR; };
		567374421B4D46600089DE44 /* Base */ = {isa = PBXFileReference; lastKnownFileType = file.storyboard; name = Base; path = Base.lproj/Main.storyboard; sourceTree = "<group>"; };
		567374441B4D46600089DE44 /* Assets.xcassets */ = {isa = PBXFileReference; lastKnownFileType = folder.assetcatalog; path = Assets.xcassets; sourceTree = "<group>"; };
		567374471B4D46600089DE44 /* Base */ = {isa = PBXFileReference; lastKnownFileType = file.storyboard; name = Base; path = Base.lproj/LaunchScreen.storyboard; sourceTree = "<group>"; };
		567374491B4D46600089DE44 /* Info.plist */ = {isa = PBXFileReference; lastKnownFileType = text.plist.xml; path = Info.plist; sourceTree = "<group>"; };
		568E2B981CACE4ED00426E7B /* SimplePersonsViewController.swift */ = {isa = PBXFileReference; fileEncoding = 4; lastKnownFileType = sourcecode.swift; path = SimplePersonsViewController.swift; sourceTree = "<group>"; };
		56AEC9D21CAA985700452D96 /* AppDelegate.swift */ = {isa = PBXFileReference; fileEncoding = 4; lastKnownFileType = sourcecode.swift; path = AppDelegate.swift; sourceTree = "<group>"; };
		56AEC9D31CAA985700452D96 /* Database.swift */ = {isa = PBXFileReference; fileEncoding = 4; lastKnownFileType = sourcecode.swift; path = Database.swift; sourceTree = "<group>"; };
		56AEC9D41CAA985700452D96 /* DemoViewController.swift */ = {isa = PBXFileReference; fileEncoding = 4; lastKnownFileType = sourcecode.swift; path = DemoViewController.swift; sourceTree = "<group>"; };
		56AEC9D61CAA985700452D96 /* Person.swift */ = {isa = PBXFileReference; fileEncoding = 4; lastKnownFileType = sourcecode.swift; path = Person.swift; sourceTree = "<group>"; };
		56AEC9D71CAA985700452D96 /* PersonEditionViewController.swift */ = {isa = PBXFileReference; fileEncoding = 4; lastKnownFileType = sourcecode.swift; path = PersonEditionViewController.swift; sourceTree = "<group>"; };
		56AEC9D81CAA985700452D96 /* PersonsViewController.swift */ = {isa = PBXFileReference; fileEncoding = 4; lastKnownFileType = sourcecode.swift; path = PersonsViewController.swift; sourceTree = "<group>"; };
/* End PBXFileReference section */

/* Begin PBXFrameworksBuildPhase section */
		567374351B4D46600089DE44 /* Frameworks */ = {
			isa = PBXFrameworksBuildPhase;
			buildActionMask = 2147483647;
			files = (
				5644E4041C1072A30090716E /* GRDB.framework in Frameworks */,
			);
			runOnlyForDeploymentPostprocessing = 0;
		};
/* End PBXFrameworksBuildPhase section */

/* Begin PBXGroup section */
		5673742F1B4D46600089DE44 = {
			isa = PBXGroup;
			children = (
				5644E4031C1072A30090716E /* GRDB.framework */,
				5673743A1B4D46600089DE44 /* GRDBDemoiOS */,
				567374391B4D46600089DE44 /* Products */,
			);
			sourceTree = "<group>";
		};
		567374391B4D46600089DE44 /* Products */ = {
			isa = PBXGroup;
			children = (
				567374381B4D46600089DE44 /* iOS.app */,
			);
			name = Products;
			sourceTree = "<group>";
		};
		5673743A1B4D46600089DE44 /* GRDBDemoiOS */ = {
			isa = PBXGroup;
			children = (
				56AEC9D21CAA985700452D96 /* AppDelegate.swift */,
				567374441B4D46600089DE44 /* Assets.xcassets */,
				56AEC9D31CAA985700452D96 /* Database.swift */,
				56AEC9D41CAA985700452D96 /* DemoViewController.swift */,
				567374491B4D46600089DE44 /* Info.plist */,
				567374461B4D46600089DE44 /* LaunchScreen.storyboard */,
				567374411B4D46600089DE44 /* Main.storyboard */,
				56AEC9D61CAA985700452D96 /* Person.swift */,
				56AEC9D71CAA985700452D96 /* PersonEditionViewController.swift */,
				56AEC9D81CAA985700452D96 /* PersonsViewController.swift */,
				568E2B981CACE4ED00426E7B /* SimplePersonsViewController.swift */,
			);
			name = GRDBDemoiOS;
			path = ../../../DemoApps/GRDBDemoiOS/GRDBDemoiOS;
			sourceTree = "<group>";
		};
/* End PBXGroup section */

/* Begin PBXNativeTarget section */
		567374371B4D46600089DE44 /* iOS */ = {
			isa = PBXNativeTarget;
			buildConfigurationList = 567374621B4D46600089DE44 /* Build configuration list for PBXNativeTarget "iOS" */;
			buildPhases = (
				567374341B4D46600089DE44 /* Sources */,
				567374351B4D46600089DE44 /* Frameworks */,
				567374361B4D46600089DE44 /* Resources */,
				567374741B4D7A3B0089DE44 /* ShellScript */,
				5644E4071C1072CA0090716E /* Embed Frameworks */,
			);
			buildRules = (
			);
			dependencies = (
			);
			name = iOS;
			productName = iOS;
			productReference = 567374381B4D46600089DE44 /* iOS.app */;
			productType = "com.apple.product-type.application";
		};
/* End PBXNativeTarget section */

/* Begin PBXProject section */
		567374301B4D46600089DE44 /* Project object */ = {
			isa = PBXProject;
			attributes = {
				LastSwiftUpdateCheck = 0730;
				LastUpgradeCheck = 0700;
				ORGANIZATIONNAME = "Gwendal Roué";
				TargetAttributes = {
					567374371B4D46600089DE44 = {
						CreatedOnToolsVersion = 7.0;
						DevelopmentTeam = AMD8W895CT;
					};
				};
			};
			buildConfigurationList = 567374331B4D46600089DE44 /* Build configuration list for PBXProject "iOS" */;
			compatibilityVersion = "Xcode 3.2";
			developmentRegion = English;
			hasScannedForEncodings = 0;
			knownRegions = (
				en,
				Base,
			);
			mainGroup = 5673742F1B4D46600089DE44;
			productRefGroup = 567374391B4D46600089DE44 /* Products */;
			projectDirPath = "";
			projectRoot = "";
			targets = (
				567374371B4D46600089DE44 /* iOS */,
			);
		};
/* End PBXProject section */

/* Begin PBXResourcesBuildPhase section */
		567374361B4D46600089DE44 /* Resources */ = {
			isa = PBXResourcesBuildPhase;
			buildActionMask = 2147483647;
			files = (
				567374481B4D46600089DE44 /* LaunchScreen.storyboard in Resources */,
				567374451B4D46600089DE44 /* Assets.xcassets in Resources */,
				567374431B4D46600089DE44 /* Main.storyboard in Resources */,
			);
			runOnlyForDeploymentPostprocessing = 0;
		};
/* End PBXResourcesBuildPhase section */

/* Begin PBXShellScriptBuildPhase section */
		567374741B4D7A3B0089DE44 /* ShellScript */ = {
			isa = PBXShellScriptBuildPhase;
			buildActionMask = 2147483647;
			files = (
			);
			inputPaths = (
				"$(SRCROOT)/../../../Carthage/Build/iOS/GRDB.framework",
			);
			outputPaths = (
			);
			runOnlyForDeploymentPostprocessing = 0;
			shellPath = /bin/sh;
			shellScript = "/usr/local/bin/carthage copy-frameworks";
		};
/* End PBXShellScriptBuildPhase section */

/* Begin PBXSourcesBuildPhase section */
		567374341B4D46600089DE44 /* Sources */ = {
			isa = PBXSourcesBuildPhase;
			buildActionMask = 2147483647;
			files = (
				56AEC9DD1CAA985700452D96 /* Person.swift in Sources */,
				56AEC9DF1CAA985700452D96 /* PersonsViewController.swift in Sources */,
				56AEC9DB1CAA985700452D96 /* DemoViewController.swift in Sources */,
				56AEC9DA1CAA985700452D96 /* Database.swift in Sources */,
				568E2B991CACE4ED00426E7B /* SimplePersonsViewController.swift in Sources */,
				56AEC9DE1CAA985700452D96 /* PersonEditionViewController.swift in Sources */,
				56AEC9D91CAA985700452D96 /* AppDelegate.swift in Sources */,
			);
			runOnlyForDeploymentPostprocessing = 0;
		};
/* End PBXSourcesBuildPhase section */

/* Begin PBXVariantGroup section */
		567374411B4D46600089DE44 /* Main.storyboard */ = {
			isa = PBXVariantGroup;
			children = (
				567374421B4D46600089DE44 /* Base */,
			);
			name = Main.storyboard;
			sourceTree = "<group>";
		};
		567374461B4D46600089DE44 /* LaunchScreen.storyboard */ = {
			isa = PBXVariantGroup;
			children = (
				567374471B4D46600089DE44 /* Base */,
			);
			name = LaunchScreen.storyboard;
			sourceTree = "<group>";
		};
/* End PBXVariantGroup section */

/* Begin XCBuildConfiguration section */
		567374601B4D46600089DE44 /* Debug */ = {
			isa = XCBuildConfiguration;
			buildSettings = {
				ALWAYS_SEARCH_USER_PATHS = NO;
				CLANG_CXX_LANGUAGE_STANDARD = "gnu++0x";
				CLANG_CXX_LIBRARY = "libc++";
				CLANG_ENABLE_MODULES = YES;
				CLANG_ENABLE_OBJC_ARC = YES;
				CLANG_WARN_BOOL_CONVERSION = YES;
				CLANG_WARN_CONSTANT_CONVERSION = YES;
				CLANG_WARN_DIRECT_OBJC_ISA_USAGE = YES_ERROR;
				CLANG_WARN_EMPTY_BODY = YES;
				CLANG_WARN_ENUM_CONVERSION = YES;
				CLANG_WARN_INT_CONVERSION = YES;
				CLANG_WARN_OBJC_ROOT_CLASS = YES_ERROR;
				CLANG_WARN_UNREACHABLE_CODE = YES;
				CLANG_WARN__DUPLICATE_METHOD_MATCH = YES;
				"CODE_SIGN_IDENTITY[sdk=iphoneos*]" = "iPhone Developer";
				COPY_PHASE_STRIP = NO;
				DEBUG_INFORMATION_FORMAT = dwarf;
				ENABLE_STRICT_OBJC_MSGSEND = YES;
				ENABLE_TESTABILITY = YES;
				GCC_C_LANGUAGE_STANDARD = gnu99;
				GCC_DYNAMIC_NO_PIC = NO;
				GCC_NO_COMMON_BLOCKS = YES;
				GCC_OPTIMIZATION_LEVEL = 0;
				GCC_PREPROCESSOR_DEFINITIONS = (
					"DEBUG=1",
					"$(inherited)",
				);
				GCC_WARN_64_TO_32_BIT_CONVERSION = YES;
				GCC_WARN_ABOUT_RETURN_TYPE = YES_ERROR;
				GCC_WARN_UNDECLARED_SELECTOR = YES;
				GCC_WARN_UNINITIALIZED_AUTOS = YES_AGGRESSIVE;
				GCC_WARN_UNUSED_FUNCTION = YES;
				GCC_WARN_UNUSED_VARIABLE = YES;
				IPHONEOS_DEPLOYMENT_TARGET = 9.0;
				MTL_ENABLE_DEBUG_INFO = YES;
				ONLY_ACTIVE_ARCH = YES;
				SDKROOT = iphoneos;
				SWIFT_OPTIMIZATION_LEVEL = "-Onone";
				SWIFT_VERSION = 3.0;
			};
			name = Debug;
		};
		567374611B4D46600089DE44 /* Release */ = {
			isa = XCBuildConfiguration;
			buildSettings = {
				ALWAYS_SEARCH_USER_PATHS = NO;
				CLANG_CXX_LANGUAGE_STANDARD = "gnu++0x";
				CLANG_CXX_LIBRARY = "libc++";
				CLANG_ENABLE_MODULES = YES;
				CLANG_ENABLE_OBJC_ARC = YES;
				CLANG_WARN_BOOL_CONVERSION = YES;
				CLANG_WARN_CONSTANT_CONVERSION = YES;
				CLANG_WARN_DIRECT_OBJC_ISA_USAGE = YES_ERROR;
				CLANG_WARN_EMPTY_BODY = YES;
				CLANG_WARN_ENUM_CONVERSION = YES;
				CLANG_WARN_INT_CONVERSION = YES;
				CLANG_WARN_OBJC_ROOT_CLASS = YES_ERROR;
				CLANG_WARN_UNREACHABLE_CODE = YES;
				CLANG_WARN__DUPLICATE_METHOD_MATCH = YES;
				"CODE_SIGN_IDENTITY[sdk=iphoneos*]" = "iPhone Developer";
				COPY_PHASE_STRIP = NO;
				DEBUG_INFORMATION_FORMAT = "dwarf-with-dsym";
				ENABLE_NS_ASSERTIONS = NO;
				ENABLE_STRICT_OBJC_MSGSEND = YES;
				GCC_C_LANGUAGE_STANDARD = gnu99;
				GCC_NO_COMMON_BLOCKS = YES;
				GCC_WARN_64_TO_32_BIT_CONVERSION = YES;
				GCC_WARN_ABOUT_RETURN_TYPE = YES_ERROR;
				GCC_WARN_UNDECLARED_SELECTOR = YES;
				GCC_WARN_UNINITIALIZED_AUTOS = YES_AGGRESSIVE;
				GCC_WARN_UNUSED_FUNCTION = YES;
				GCC_WARN_UNUSED_VARIABLE = YES;
				IPHONEOS_DEPLOYMENT_TARGET = 9.0;
				MTL_ENABLE_DEBUG_INFO = NO;
				SDKROOT = iphoneos;
				SWIFT_VERSION = 3.0;
				VALIDATE_PRODUCT = YES;
			};
			name = Release;
		};
		567374631B4D46600089DE44 /* Debug */ = {
			isa = XCBuildConfiguration;
			buildSettings = {
				ASSETCATALOG_COMPILER_APPICON_NAME = AppIcon;
				CLANG_ENABLE_MODULES = YES;
				CODE_SIGN_IDENTITY = "iPhone Developer";
				"CODE_SIGN_IDENTITY[sdk=iphoneos*]" = "iPhone Developer";
				FRAMEWORK_SEARCH_PATHS = (
					"$(inherited)",
					"$(SRCROOT)/../../../Carthage/Build/iOS",
				);
				INFOPLIST_FILE = ../../../DemoApps/GRDBDemoiOS/GRDBDemoiOS/Info.plist;
				LD_RUNPATH_SEARCH_PATHS = "$(inherited) @executable_path/Frameworks";
				PRODUCT_BUNDLE_IDENTIFIER = GRDB.CarthageTest;
				PRODUCT_NAME = "$(TARGET_NAME)";
				PROVISIONING_PROFILE = "";
				SWIFT_OPTIMIZATION_LEVEL = "-Onone";
			};
			name = Debug;
		};
		567374641B4D46600089DE44 /* Release */ = {
			isa = XCBuildConfiguration;
			buildSettings = {
				ASSETCATALOG_COMPILER_APPICON_NAME = AppIcon;
				CLANG_ENABLE_MODULES = YES;
				CODE_SIGN_IDENTITY = "iPhone Developer";
				"CODE_SIGN_IDENTITY[sdk=iphoneos*]" = "iPhone Developer";
				FRAMEWORK_SEARCH_PATHS = (
					"$(inherited)",
					"$(SRCROOT)/../../../Carthage/Build/iOS",
				);
				INFOPLIST_FILE = ../../../DemoApps/GRDBDemoiOS/GRDBDemoiOS/Info.plist;
				LD_RUNPATH_SEARCH_PATHS = "$(inherited) @executable_path/Frameworks";
				PRODUCT_BUNDLE_IDENTIFIER = GRDB.CarthageTest;
				PRODUCT_NAME = "$(TARGET_NAME)";
				PROVISIONING_PROFILE = "";
			};
			name = Release;
		};
/* End XCBuildConfiguration section */

/* Begin XCConfigurationList section */
		567374331B4D46600089DE44 /* Build configuration list for PBXProject "iOS" */ = {
			isa = XCConfigurationList;
			buildConfigurations = (
				567374601B4D46600089DE44 /* Debug */,
				567374611B4D46600089DE44 /* Release */,
			);
			defaultConfigurationIsVisible = 0;
			defaultConfigurationName = Release;
		};
		567374621B4D46600089DE44 /* Build configuration list for PBXNativeTarget "iOS" */ = {
			isa = XCConfigurationList;
			buildConfigurations = (
				567374631B4D46600089DE44 /* Debug */,
				567374641B4D46600089DE44 /* Release */,
			);
			defaultConfigurationIsVisible = 0;
			defaultConfigurationName = Release;
		};
/* End XCConfigurationList section */
	};
	rootObject = 567374301B4D46600089DE44 /* Project object */;
}
